// !$*UTF8*$!
{
	archiveVersion = 1;
	classes = {
	};
	objectVersion = 56;
	objects = {

/* Begin PBXBuildFile section */
		97B1974B2E1B601ABA1FE937 /* Pods_TrustVPN.framework in Frameworks */ = {isa = PBXBuildFile; fileRef = E38BFD48072E33027407D554 /* Pods_TrustVPN.framework */; };
		D373AA922CA43F0700DF2EC7 /* InfoView.swift in Sources */ = {isa = PBXBuildFile; fileRef = D373AA912CA43F0700DF2EC7 /* InfoView.swift */; };
		D373AA9A2CA456E000DF2EC7 /* DeviceSearchController.swift in Sources */ = {isa = PBXBuildFile; fileRef = D373AA992CA456E000DF2EC7 /* DeviceSearchController.swift */; };
		D373AA9C2CA4570300DF2EC7 /* PasswordSecurityController.swift in Sources */ = {isa = PBXBuildFile; fileRef = D373AA9B2CA4570300DF2EC7 /* PasswordSecurityController.swift */; };
		D373AA9E2CA4571B00DF2EC7 /* OptionsController.swift in Sources */ = {isa = PBXBuildFile; fileRef = D373AA9D2CA4571B00DF2EC7 /* OptionsController.swift */; };
		D373AAA42CA4585D00DF2EC7 /* TabBarController.swift in Sources */ = {isa = PBXBuildFile; fileRef = D373AAA32CA4585D00DF2EC7 /* TabBarController.swift */; };
		D373AAA62CAA97CB00DF2EC7 /* ChooseServerController.swift in Sources */ = {isa = PBXBuildFile; fileRef = D373AAA52CAA97CB00DF2EC7 /* ChooseServerController.swift */; };
		D373AAA82CAAB4D200DF2EC7 /* ServersTableView.swift in Sources */ = {isa = PBXBuildFile; fileRef = D373AAA72CAAB4D200DF2EC7 /* ServersTableView.swift */; };
		D373AAAA2CAACA9C00DF2EC7 /* ChooseServerСell.swift in Sources */ = {isa = PBXBuildFile; fileRef = D373AAA92CAACA9C00DF2EC7 /* ChooseServerСell.swift */; };
		D373AAAC2CABE10300DF2EC7 /* VpnService.swift in Sources */ = {isa = PBXBuildFile; fileRef = D373AAAB2CABE10300DF2EC7 /* VpnService.swift */; };
		D373AAF12CAC17A100DF2EC7 /* CacheSerializer.swift in Sources */ = {isa = PBXBuildFile; fileRef = D373AAB02CAC17A100DF2EC7 /* CacheSerializer.swift */; };
		D373AAF22CAC17A100DF2EC7 /* DiskStorage.swift in Sources */ = {isa = PBXBuildFile; fileRef = D373AAB12CAC17A100DF2EC7 /* DiskStorage.swift */; };
		D373AAF32CAC17A100DF2EC7 /* FormatIndicatedCacheSerializer.swift in Sources */ = {isa = PBXBuildFile; fileRef = D373AAB22CAC17A100DF2EC7 /* FormatIndicatedCacheSerializer.swift */; };
		D373AAF42CAC17A100DF2EC7 /* ImageCache.swift in Sources */ = {isa = PBXBuildFile; fileRef = D373AAB32CAC17A100DF2EC7 /* ImageCache.swift */; };
		D373AAF52CAC17A100DF2EC7 /* MemoryStorage.swift in Sources */ = {isa = PBXBuildFile; fileRef = D373AAB42CAC17A100DF2EC7 /* MemoryStorage.swift */; };
		D373AAF62CAC17A100DF2EC7 /* Storage.swift in Sources */ = {isa = PBXBuildFile; fileRef = D373AAB52CAC17A100DF2EC7 /* Storage.swift */; };
		D373AAF72CAC17A100DF2EC7 /* CPListItem+Kingfisher.swift in Sources */ = {isa = PBXBuildFile; fileRef = D373AAB72CAC17A100DF2EC7 /* CPListItem+Kingfisher.swift */; };
		D373AAF82CAC17A100DF2EC7 /* ImageView+Kingfisher.swift in Sources */ = {isa = PBXBuildFile; fileRef = D373AAB82CAC17A100DF2EC7 /* ImageView+Kingfisher.swift */; };
		D373AAF92CAC17A100DF2EC7 /* NSButton+Kingfisher.swift in Sources */ = {isa = PBXBuildFile; fileRef = D373AAB92CAC17A100DF2EC7 /* NSButton+Kingfisher.swift */; };
		D373AAFA2CAC17A100DF2EC7 /* NSTextAttachment+Kingfisher.swift in Sources */ = {isa = PBXBuildFile; fileRef = D373AABA2CAC17A100DF2EC7 /* NSTextAttachment+Kingfisher.swift */; };
		D373AAFB2CAC17A100DF2EC7 /* TVMonogramView+Kingfisher.swift in Sources */ = {isa = PBXBuildFile; fileRef = D373AABB2CAC17A100DF2EC7 /* TVMonogramView+Kingfisher.swift */; };
		D373AAFC2CAC17A100DF2EC7 /* UIButton+Kingfisher.swift in Sources */ = {isa = PBXBuildFile; fileRef = D373AABC2CAC17A100DF2EC7 /* UIButton+Kingfisher.swift */; };
		D373AAFD2CAC17A100DF2EC7 /* WKInterfaceImage+Kingfisher.swift in Sources */ = {isa = PBXBuildFile; fileRef = D373AABD2CAC17A100DF2EC7 /* WKInterfaceImage+Kingfisher.swift */; };
		D373AAFE2CAC17A100DF2EC7 /* AVAssetImageDataProvider.swift in Sources */ = {isa = PBXBuildFile; fileRef = D373AABF2CAC17A100DF2EC7 /* AVAssetImageDataProvider.swift */; };
		D373AAFF2CAC17A100DF2EC7 /* ImageDataProvider.swift in Sources */ = {isa = PBXBuildFile; fileRef = D373AAC02CAC17A100DF2EC7 /* ImageDataProvider.swift */; };
		D373AB002CAC17A100DF2EC7 /* Resource.swift in Sources */ = {isa = PBXBuildFile; fileRef = D373AAC12CAC17A100DF2EC7 /* Resource.swift */; };
		D373AB012CAC17A100DF2EC7 /* Source.swift in Sources */ = {isa = PBXBuildFile; fileRef = D373AAC22CAC17A100DF2EC7 /* Source.swift */; };
		D373AB022CAC17A100DF2EC7 /* KF.swift in Sources */ = {isa = PBXBuildFile; fileRef = D373AAC42CAC17A100DF2EC7 /* KF.swift */; };
		D373AB032CAC17A100DF2EC7 /* KFOptionsSetter.swift in Sources */ = {isa = PBXBuildFile; fileRef = D373AAC52CAC17A100DF2EC7 /* KFOptionsSetter.swift */; };
		D373AB042CAC17A100DF2EC7 /* Kingfisher.swift in Sources */ = {isa = PBXBuildFile; fileRef = D373AAC62CAC17A100DF2EC7 /* Kingfisher.swift */; };
		D373AB052CAC17A100DF2EC7 /* KingfisherError.swift in Sources */ = {isa = PBXBuildFile; fileRef = D373AAC72CAC17A100DF2EC7 /* KingfisherError.swift */; };
		D373AB062CAC17A100DF2EC7 /* KingfisherManager.swift in Sources */ = {isa = PBXBuildFile; fileRef = D373AAC82CAC17A100DF2EC7 /* KingfisherManager.swift */; };
		D373AB072CAC17A100DF2EC7 /* KingfisherOptionsInfo.swift in Sources */ = {isa = PBXBuildFile; fileRef = D373AAC92CAC17A100DF2EC7 /* KingfisherOptionsInfo.swift */; };
		D373AB082CAC17A100DF2EC7 /* Filter.swift in Sources */ = {isa = PBXBuildFile; fileRef = D373AACB2CAC17A100DF2EC7 /* Filter.swift */; };
		D373AB092CAC17A100DF2EC7 /* GIFAnimatedImage.swift in Sources */ = {isa = PBXBuildFile; fileRef = D373AACC2CAC17A100DF2EC7 /* GIFAnimatedImage.swift */; };
		D373AB0A2CAC17A100DF2EC7 /* GraphicsContext.swift in Sources */ = {isa = PBXBuildFile; fileRef = D373AACD2CAC17A100DF2EC7 /* GraphicsContext.swift */; };
		D373AB0B2CAC17A100DF2EC7 /* Image.swift in Sources */ = {isa = PBXBuildFile; fileRef = D373AACE2CAC17A100DF2EC7 /* Image.swift */; };
		D373AB0C2CAC17A100DF2EC7 /* ImageDrawing.swift in Sources */ = {isa = PBXBuildFile; fileRef = D373AACF2CAC17A100DF2EC7 /* ImageDrawing.swift */; };
		D373AB0D2CAC17A100DF2EC7 /* ImageFormat.swift in Sources */ = {isa = PBXBuildFile; fileRef = D373AAD02CAC17A100DF2EC7 /* ImageFormat.swift */; };
		D373AB0E2CAC17A100DF2EC7 /* ImageProcessor.swift in Sources */ = {isa = PBXBuildFile; fileRef = D373AAD12CAC17A100DF2EC7 /* ImageProcessor.swift */; };
		D373AB0F2CAC17A100DF2EC7 /* ImageProgressive.swift in Sources */ = {isa = PBXBuildFile; fileRef = D373AAD22CAC17A100DF2EC7 /* ImageProgressive.swift */; };
		D373AB102CAC17A100DF2EC7 /* ImageTransition.swift in Sources */ = {isa = PBXBuildFile; fileRef = D373AAD32CAC17A100DF2EC7 /* ImageTransition.swift */; };
		D373AB112CAC17A100DF2EC7 /* Placeholder.swift in Sources */ = {isa = PBXBuildFile; fileRef = D373AAD42CAC17A100DF2EC7 /* Placeholder.swift */; };
		D373AB122CAC17A100DF2EC7 /* AuthenticationChallengeResponsable.swift in Sources */ = {isa = PBXBuildFile; fileRef = D373AAD62CAC17A100DF2EC7 /* AuthenticationChallengeResponsable.swift */; };
		D373AB132CAC17A100DF2EC7 /* ImageDataProcessor.swift in Sources */ = {isa = PBXBuildFile; fileRef = D373AAD72CAC17A100DF2EC7 /* ImageDataProcessor.swift */; };
		D373AB142CAC17A100DF2EC7 /* ImageDownloader.swift in Sources */ = {isa = PBXBuildFile; fileRef = D373AAD82CAC17A100DF2EC7 /* ImageDownloader.swift */; };
		D373AB152CAC17A100DF2EC7 /* ImageDownloaderDelegate.swift in Sources */ = {isa = PBXBuildFile; fileRef = D373AAD92CAC17A100DF2EC7 /* ImageDownloaderDelegate.swift */; };
		D373AB162CAC17A100DF2EC7 /* ImageModifier.swift in Sources */ = {isa = PBXBuildFile; fileRef = D373AADA2CAC17A100DF2EC7 /* ImageModifier.swift */; };
		D373AB172CAC17A100DF2EC7 /* ImagePrefetcher.swift in Sources */ = {isa = PBXBuildFile; fileRef = D373AADB2CAC17A100DF2EC7 /* ImagePrefetcher.swift */; };
		D373AB182CAC17A100DF2EC7 /* RedirectHandler.swift in Sources */ = {isa = PBXBuildFile; fileRef = D373AADC2CAC17A100DF2EC7 /* RedirectHandler.swift */; };
		D373AB192CAC17A100DF2EC7 /* RequestModifier.swift in Sources */ = {isa = PBXBuildFile; fileRef = D373AADD2CAC17A100DF2EC7 /* RequestModifier.swift */; };
		D373AB1A2CAC17A100DF2EC7 /* RetryStrategy.swift in Sources */ = {isa = PBXBuildFile; fileRef = D373AADE2CAC17A100DF2EC7 /* RetryStrategy.swift */; };
		D373AB1B2CAC17A100DF2EC7 /* SessionDataTask.swift in Sources */ = {isa = PBXBuildFile; fileRef = D373AADF2CAC17A100DF2EC7 /* SessionDataTask.swift */; };
		D373AB1C2CAC17A100DF2EC7 /* SessionDelegate.swift in Sources */ = {isa = PBXBuildFile; fileRef = D373AAE02CAC17A100DF2EC7 /* SessionDelegate.swift */; };
		D373AB1D2CAC17A100DF2EC7 /* Box.swift in Sources */ = {isa = PBXBuildFile; fileRef = D373AAE22CAC17A100DF2EC7 /* Box.swift */; };
		D373AB1E2CAC17A100DF2EC7 /* CallbackQueue.swift in Sources */ = {isa = PBXBuildFile; fileRef = D373AAE32CAC17A100DF2EC7 /* CallbackQueue.swift */; };
		D373AB1F2CAC17A100DF2EC7 /* Delegate.swift in Sources */ = {isa = PBXBuildFile; fileRef = D373AAE42CAC17A100DF2EC7 /* Delegate.swift */; };
		D373AB202CAC17A100DF2EC7 /* ExtensionHelpers.swift in Sources */ = {isa = PBXBuildFile; fileRef = D373AAE52CAC17A100DF2EC7 /* ExtensionHelpers.swift */; };
		D373AB212CAC17A100DF2EC7 /* Result.swift in Sources */ = {isa = PBXBuildFile; fileRef = D373AAE62CAC17A100DF2EC7 /* Result.swift */; };
		D373AB222CAC17A100DF2EC7 /* Runtime.swift in Sources */ = {isa = PBXBuildFile; fileRef = D373AAE72CAC17A100DF2EC7 /* Runtime.swift */; };
		D373AB232CAC17A100DF2EC7 /* SizeExtensions.swift in Sources */ = {isa = PBXBuildFile; fileRef = D373AAE82CAC17A100DF2EC7 /* SizeExtensions.swift */; };
		D373AB242CAC17A100DF2EC7 /* String+MD5.swift in Sources */ = {isa = PBXBuildFile; fileRef = D373AAE92CAC17A100DF2EC7 /* String+MD5.swift */; };
		D373AB252CAC17A100DF2EC7 /* AnimatedImageView.swift in Sources */ = {isa = PBXBuildFile; fileRef = D373AAEB2CAC17A100DF2EC7 /* AnimatedImageView.swift */; };
		D373AB262CAC17A100DF2EC7 /* Indicator.swift in Sources */ = {isa = PBXBuildFile; fileRef = D373AAEC2CAC17A100DF2EC7 /* Indicator.swift */; };
		D373AB2B2CAD58B000DF2EC7 /* VPNServiceTableView.swift in Sources */ = {isa = PBXBuildFile; fileRef = D373AB2A2CAD58B000DF2EC7 /* VPNServiceTableView.swift */; };
		D373AB2D2CAD594C00DF2EC7 /* ServerСell.swift in Sources */ = {isa = PBXBuildFile; fileRef = D373AB2C2CAD594C00DF2EC7 /* ServerСell.swift */; };
		D373AB302CAD7D7E00DF2EC7 /* SwipeConnectView.swift in Sources */ = {isa = PBXBuildFile; fileRef = D373AB2F2CAD7D7E00DF2EC7 /* SwipeConnectView.swift */; };
		D3A017F82CB3D19A006238E1 /* PopupView.swift in Sources */ = {isa = PBXBuildFile; fileRef = D3A017F72CB3D19A006238E1 /* PopupView.swift */; };
		D3CC70292CA2999100D747F5 /* AppDelegate.swift in Sources */ = {isa = PBXBuildFile; fileRef = D3CC70282CA2999100D747F5 /* AppDelegate.swift */; };
		D3CC702B2CA2999100D747F5 /* SceneDelegate.swift in Sources */ = {isa = PBXBuildFile; fileRef = D3CC702A2CA2999100D747F5 /* SceneDelegate.swift */; };
		D3CC702D2CA2999100D747F5 /* StartupViewController.swift in Sources */ = {isa = PBXBuildFile; fileRef = D3CC702C2CA2999100D747F5 /* StartupViewController.swift */; };
		D3CC70322CA2999200D747F5 /* Assets.xcassets in Resources */ = {isa = PBXBuildFile; fileRef = D3CC70312CA2999200D747F5 /* Assets.xcassets */; };
		D3CC70352CA2999200D747F5 /* Base in Resources */ = {isa = PBXBuildFile; fileRef = D3CC70342CA2999200D747F5 /* Base */; };
		D3CC703F2CA2A35500D747F5 /* PrivacyInfo.xcprivacy in Resources */ = {isa = PBXBuildFile; fileRef = D3CC703E2CA2A35500D747F5 /* PrivacyInfo.xcprivacy */; };
		D3CC70412CA2A60900D747F5 /* Default.swift in Sources */ = {isa = PBXBuildFile; fileRef = D3CC70402CA2A60900D747F5 /* Default.swift */; };
		D3CC70502CA2A7BB00D747F5 /* Extension + Date.swift in Sources */ = {isa = PBXBuildFile; fileRef = D3CC70442CA2A7BA00D747F5 /* Extension + Date.swift */; };
		D3CC70512CA2A7BB00D747F5 /* Extension + UIView.swift in Sources */ = {isa = PBXBuildFile; fileRef = D3CC70452CA2A7BA00D747F5 /* Extension + UIView.swift */; };
		D3CC70522CA2A7BB00D747F5 /* Extension + UIViewController.swift in Sources */ = {isa = PBXBuildFile; fileRef = D3CC70462CA2A7BA00D747F5 /* Extension + UIViewController.swift */; };
		D3CC70532CA2A7BB00D747F5 /* Extension + UIColor.swift in Sources */ = {isa = PBXBuildFile; fileRef = D3CC70472CA2A7BA00D747F5 /* Extension + UIColor.swift */; };
		D3CC70542CA2A7BB00D747F5 /* Extension + Gradient.swift in Sources */ = {isa = PBXBuildFile; fileRef = D3CC70482CA2A7BA00D747F5 /* Extension + Gradient.swift */; };
		D3CC70552CA2A7BB00D747F5 /* Extension + Int.swift in Sources */ = {isa = PBXBuildFile; fileRef = D3CC70492CA2A7BA00D747F5 /* Extension + Int.swift */; };
		D3CC70562CA2A7BB00D747F5 /* Extension + UIStackView.swift in Sources */ = {isa = PBXBuildFile; fileRef = D3CC704A2CA2A7BA00D747F5 /* Extension + UIStackView.swift */; };
		D3CC70572CA2A7BB00D747F5 /* Extension + UIFont.swift in Sources */ = {isa = PBXBuildFile; fileRef = D3CC704B2CA2A7BA00D747F5 /* Extension + UIFont.swift */; };
		D3CC70582CA2A7BB00D747F5 /* Extension + UITextField.swift in Sources */ = {isa = PBXBuildFile; fileRef = D3CC704C2CA2A7BA00D747F5 /* Extension + UITextField.swift */; };
		D3CC70592CA2A7BB00D747F5 /* Extension + UserDefaults.swift in Sources */ = {isa = PBXBuildFile; fileRef = D3CC704D2CA2A7BA00D747F5 /* Extension + UserDefaults.swift */; };
		D3CC705A2CA2A7BB00D747F5 /* Extension + Image.swift in Sources */ = {isa = PBXBuildFile; fileRef = D3CC704E2CA2A7BA00D747F5 /* Extension + Image.swift */; };
		D3CC705B2CA2A7BB00D747F5 /* Extension + String.swift in Sources */ = {isa = PBXBuildFile; fileRef = D3CC704F2CA2A7BA00D747F5 /* Extension + String.swift */; };
		D3CC705E2CA2ACD900D747F5 /* AppColors.swift in Sources */ = {isa = PBXBuildFile; fileRef = D3CC705D2CA2ACD900D747F5 /* AppColors.swift */; };
		D3CC70612CA2CDFD00D747F5 /* LoadService.swift in Sources */ = {isa = PBXBuildFile; fileRef = D3CC70602CA2CDFD00D747F5 /* LoadService.swift */; };
		D3CC70632CA2CEB300D747F5 /* ConfigureModel.swift in Sources */ = {isa = PBXBuildFile; fileRef = D3CC70622CA2CEB300D747F5 /* ConfigureModel.swift */; };
		D3CC70682CA2E16500D747F5 /* VPNServiceController.swift in Sources */ = {isa = PBXBuildFile; fileRef = D3CC70672CA2E16500D747F5 /* VPNServiceController.swift */; };
		D3CC706A2CA2E5F700D747F5 /* OnboardViewController.swift in Sources */ = {isa = PBXBuildFile; fileRef = D3CC70692CA2E5F700D747F5 /* OnboardViewController.swift */; };
		D3CC706C2CA2F11200D747F5 /* AppText.swift in Sources */ = {isa = PBXBuildFile; fileRef = D3CC706B2CA2F11200D747F5 /* AppText.swift */; };
		D3CC706E2CA2F1F300D747F5 /* TermsOfUseViewController.swift in Sources */ = {isa = PBXBuildFile; fileRef = D3CC706D2CA2F1F300D747F5 /* TermsOfUseViewController.swift */; };
/* End PBXBuildFile section */

/* Begin PBXFileReference section */
		15B129F793D1ED0370DECE97 /* Pods-TrustVPN.release.xcconfig */ = {isa = PBXFileReference; includeInIndex = 1; lastKnownFileType = text.xcconfig; name = "Pods-TrustVPN.release.xcconfig"; path = "Target Support Files/Pods-TrustVPN/Pods-TrustVPN.release.xcconfig"; sourceTree = "<group>"; };
		38F37FA560FE7176BE372599 /* Pods-TrustVPN.debug.xcconfig */ = {isa = PBXFileReference; includeInIndex = 1; lastKnownFileType = text.xcconfig; name = "Pods-TrustVPN.debug.xcconfig"; path = "Target Support Files/Pods-TrustVPN/Pods-TrustVPN.debug.xcconfig"; sourceTree = "<group>"; };
		D373AA912CA43F0700DF2EC7 /* InfoView.swift */ = {isa = PBXFileReference; lastKnownFileType = sourcecode.swift; path = InfoView.swift; sourceTree = "<group>"; };
		D373AA992CA456E000DF2EC7 /* DeviceSearchController.swift */ = {isa = PBXFileReference; lastKnownFileType = sourcecode.swift; path = DeviceSearchController.swift; sourceTree = "<group>"; };
		D373AA9B2CA4570300DF2EC7 /* PasswordSecurityController.swift */ = {isa = PBXFileReference; lastKnownFileType = sourcecode.swift; path = PasswordSecurityController.swift; sourceTree = "<group>"; };
		D373AA9D2CA4571B00DF2EC7 /* OptionsController.swift */ = {isa = PBXFileReference; lastKnownFileType = sourcecode.swift; path = OptionsController.swift; sourceTree = "<group>"; };
		D373AAA32CA4585D00DF2EC7 /* TabBarController.swift */ = {isa = PBXFileReference; lastKnownFileType = sourcecode.swift; path = TabBarController.swift; sourceTree = "<group>"; };
		D373AAA52CAA97CB00DF2EC7 /* ChooseServerController.swift */ = {isa = PBXFileReference; lastKnownFileType = sourcecode.swift; path = ChooseServerController.swift; sourceTree = "<group>"; };
		D373AAA72CAAB4D200DF2EC7 /* ServersTableView.swift */ = {isa = PBXFileReference; lastKnownFileType = sourcecode.swift; path = ServersTableView.swift; sourceTree = "<group>"; };
		D373AAA92CAACA9C00DF2EC7 /* ChooseServerСell.swift */ = {isa = PBXFileReference; lastKnownFileType = sourcecode.swift; path = "ChooseServerСell.swift"; sourceTree = "<group>"; };
		D373AAAB2CABE10300DF2EC7 /* VpnService.swift */ = {isa = PBXFileReference; lastKnownFileType = sourcecode.swift; path = VpnService.swift; sourceTree = "<group>"; };
		D373AAAD2CAC0A9C00DF2EC7 /* TrustVPN.entitlements */ = {isa = PBXFileReference; lastKnownFileType = text.plist.entitlements; path = TrustVPN.entitlements; sourceTree = "<group>"; };
		D373AAB02CAC17A100DF2EC7 /* CacheSerializer.swift */ = {isa = PBXFileReference; fileEncoding = 4; lastKnownFileType = sourcecode.swift; path = CacheSerializer.swift; sourceTree = "<group>"; };
		D373AAB12CAC17A100DF2EC7 /* DiskStorage.swift */ = {isa = PBXFileReference; fileEncoding = 4; lastKnownFileType = sourcecode.swift; path = DiskStorage.swift; sourceTree = "<group>"; };
		D373AAB22CAC17A100DF2EC7 /* FormatIndicatedCacheSerializer.swift */ = {isa = PBXFileReference; fileEncoding = 4; lastKnownFileType = sourcecode.swift; path = FormatIndicatedCacheSerializer.swift; sourceTree = "<group>"; };
		D373AAB32CAC17A100DF2EC7 /* ImageCache.swift */ = {isa = PBXFileReference; fileEncoding = 4; lastKnownFileType = sourcecode.swift; path = ImageCache.swift; sourceTree = "<group>"; };
		D373AAB42CAC17A100DF2EC7 /* MemoryStorage.swift */ = {isa = PBXFileReference; fileEncoding = 4; lastKnownFileType = sourcecode.swift; path = MemoryStorage.swift; sourceTree = "<group>"; };
		D373AAB52CAC17A100DF2EC7 /* Storage.swift */ = {isa = PBXFileReference; fileEncoding = 4; lastKnownFileType = sourcecode.swift; path = Storage.swift; sourceTree = "<group>"; };
		D373AAB72CAC17A100DF2EC7 /* CPListItem+Kingfisher.swift */ = {isa = PBXFileReference; fileEncoding = 4; lastKnownFileType = sourcecode.swift; path = "CPListItem+Kingfisher.swift"; sourceTree = "<group>"; };
		D373AAB82CAC17A100DF2EC7 /* ImageView+Kingfisher.swift */ = {isa = PBXFileReference; fileEncoding = 4; lastKnownFileType = sourcecode.swift; path = "ImageView+Kingfisher.swift"; sourceTree = "<group>"; };
		D373AAB92CAC17A100DF2EC7 /* NSButton+Kingfisher.swift */ = {isa = PBXFileReference; fileEncoding = 4; lastKnownFileType = sourcecode.swift; path = "NSButton+Kingfisher.swift"; sourceTree = "<group>"; };
		D373AABA2CAC17A100DF2EC7 /* NSTextAttachment+Kingfisher.swift */ = {isa = PBXFileReference; fileEncoding = 4; lastKnownFileType = sourcecode.swift; path = "NSTextAttachment+Kingfisher.swift"; sourceTree = "<group>"; };
		D373AABB2CAC17A100DF2EC7 /* TVMonogramView+Kingfisher.swift */ = {isa = PBXFileReference; fileEncoding = 4; lastKnownFileType = sourcecode.swift; path = "TVMonogramView+Kingfisher.swift"; sourceTree = "<group>"; };
		D373AABC2CAC17A100DF2EC7 /* UIButton+Kingfisher.swift */ = {isa = PBXFileReference; fileEncoding = 4; lastKnownFileType = sourcecode.swift; path = "UIButton+Kingfisher.swift"; sourceTree = "<group>"; };
		D373AABD2CAC17A100DF2EC7 /* WKInterfaceImage+Kingfisher.swift */ = {isa = PBXFileReference; fileEncoding = 4; lastKnownFileType = sourcecode.swift; path = "WKInterfaceImage+Kingfisher.swift"; sourceTree = "<group>"; };
		D373AABF2CAC17A100DF2EC7 /* AVAssetImageDataProvider.swift */ = {isa = PBXFileReference; fileEncoding = 4; lastKnownFileType = sourcecode.swift; path = AVAssetImageDataProvider.swift; sourceTree = "<group>"; };
		D373AAC02CAC17A100DF2EC7 /* ImageDataProvider.swift */ = {isa = PBXFileReference; fileEncoding = 4; lastKnownFileType = sourcecode.swift; path = ImageDataProvider.swift; sourceTree = "<group>"; };
		D373AAC12CAC17A100DF2EC7 /* Resource.swift */ = {isa = PBXFileReference; fileEncoding = 4; lastKnownFileType = sourcecode.swift; path = Resource.swift; sourceTree = "<group>"; };
		D373AAC22CAC17A100DF2EC7 /* Source.swift */ = {isa = PBXFileReference; fileEncoding = 4; lastKnownFileType = sourcecode.swift; path = Source.swift; sourceTree = "<group>"; };
		D373AAC42CAC17A100DF2EC7 /* KF.swift */ = {isa = PBXFileReference; fileEncoding = 4; lastKnownFileType = sourcecode.swift; path = KF.swift; sourceTree = "<group>"; };
		D373AAC52CAC17A100DF2EC7 /* KFOptionsSetter.swift */ = {isa = PBXFileReference; fileEncoding = 4; lastKnownFileType = sourcecode.swift; path = KFOptionsSetter.swift; sourceTree = "<group>"; };
		D373AAC62CAC17A100DF2EC7 /* Kingfisher.swift */ = {isa = PBXFileReference; fileEncoding = 4; lastKnownFileType = sourcecode.swift; path = Kingfisher.swift; sourceTree = "<group>"; };
		D373AAC72CAC17A100DF2EC7 /* KingfisherError.swift */ = {isa = PBXFileReference; fileEncoding = 4; lastKnownFileType = sourcecode.swift; path = KingfisherError.swift; sourceTree = "<group>"; };
		D373AAC82CAC17A100DF2EC7 /* KingfisherManager.swift */ = {isa = PBXFileReference; fileEncoding = 4; lastKnownFileType = sourcecode.swift; path = KingfisherManager.swift; sourceTree = "<group>"; };
		D373AAC92CAC17A100DF2EC7 /* KingfisherOptionsInfo.swift */ = {isa = PBXFileReference; fileEncoding = 4; lastKnownFileType = sourcecode.swift; path = KingfisherOptionsInfo.swift; sourceTree = "<group>"; };
		D373AACB2CAC17A100DF2EC7 /* Filter.swift */ = {isa = PBXFileReference; fileEncoding = 4; lastKnownFileType = sourcecode.swift; path = Filter.swift; sourceTree = "<group>"; };
		D373AACC2CAC17A100DF2EC7 /* GIFAnimatedImage.swift */ = {isa = PBXFileReference; fileEncoding = 4; lastKnownFileType = sourcecode.swift; path = GIFAnimatedImage.swift; sourceTree = "<group>"; };
		D373AACD2CAC17A100DF2EC7 /* GraphicsContext.swift */ = {isa = PBXFileReference; fileEncoding = 4; lastKnownFileType = sourcecode.swift; path = GraphicsContext.swift; sourceTree = "<group>"; };
		D373AACE2CAC17A100DF2EC7 /* Image.swift */ = {isa = PBXFileReference; fileEncoding = 4; lastKnownFileType = sourcecode.swift; path = Image.swift; sourceTree = "<group>"; };
		D373AACF2CAC17A100DF2EC7 /* ImageDrawing.swift */ = {isa = PBXFileReference; fileEncoding = 4; lastKnownFileType = sourcecode.swift; path = ImageDrawing.swift; sourceTree = "<group>"; };
		D373AAD02CAC17A100DF2EC7 /* ImageFormat.swift */ = {isa = PBXFileReference; fileEncoding = 4; lastKnownFileType = sourcecode.swift; path = ImageFormat.swift; sourceTree = "<group>"; };
		D373AAD12CAC17A100DF2EC7 /* ImageProcessor.swift */ = {isa = PBXFileReference; fileEncoding = 4; lastKnownFileType = sourcecode.swift; path = ImageProcessor.swift; sourceTree = "<group>"; };
		D373AAD22CAC17A100DF2EC7 /* ImageProgressive.swift */ = {isa = PBXFileReference; fileEncoding = 4; lastKnownFileType = sourcecode.swift; path = ImageProgressive.swift; sourceTree = "<group>"; };
		D373AAD32CAC17A100DF2EC7 /* ImageTransition.swift */ = {isa = PBXFileReference; fileEncoding = 4; lastKnownFileType = sourcecode.swift; path = ImageTransition.swift; sourceTree = "<group>"; };
		D373AAD42CAC17A100DF2EC7 /* Placeholder.swift */ = {isa = PBXFileReference; fileEncoding = 4; lastKnownFileType = sourcecode.swift; path = Placeholder.swift; sourceTree = "<group>"; };
		D373AAD62CAC17A100DF2EC7 /* AuthenticationChallengeResponsable.swift */ = {isa = PBXFileReference; fileEncoding = 4; lastKnownFileType = sourcecode.swift; path = AuthenticationChallengeResponsable.swift; sourceTree = "<group>"; };
		D373AAD72CAC17A100DF2EC7 /* ImageDataProcessor.swift */ = {isa = PBXFileReference; fileEncoding = 4; lastKnownFileType = sourcecode.swift; path = ImageDataProcessor.swift; sourceTree = "<group>"; };
		D373AAD82CAC17A100DF2EC7 /* ImageDownloader.swift */ = {isa = PBXFileReference; fileEncoding = 4; lastKnownFileType = sourcecode.swift; path = ImageDownloader.swift; sourceTree = "<group>"; };
		D373AAD92CAC17A100DF2EC7 /* ImageDownloaderDelegate.swift */ = {isa = PBXFileReference; fileEncoding = 4; lastKnownFileType = sourcecode.swift; path = ImageDownloaderDelegate.swift; sourceTree = "<group>"; };
		D373AADA2CAC17A100DF2EC7 /* ImageModifier.swift */ = {isa = PBXFileReference; fileEncoding = 4; lastKnownFileType = sourcecode.swift; path = ImageModifier.swift; sourceTree = "<group>"; };
		D373AADB2CAC17A100DF2EC7 /* ImagePrefetcher.swift */ = {isa = PBXFileReference; fileEncoding = 4; lastKnownFileType = sourcecode.swift; path = ImagePrefetcher.swift; sourceTree = "<group>"; };
		D373AADC2CAC17A100DF2EC7 /* RedirectHandler.swift */ = {isa = PBXFileReference; fileEncoding = 4; lastKnownFileType = sourcecode.swift; path = RedirectHandler.swift; sourceTree = "<group>"; };
		D373AADD2CAC17A100DF2EC7 /* RequestModifier.swift */ = {isa = PBXFileReference; fileEncoding = 4; lastKnownFileType = sourcecode.swift; path = RequestModifier.swift; sourceTree = "<group>"; };
		D373AADE2CAC17A100DF2EC7 /* RetryStrategy.swift */ = {isa = PBXFileReference; fileEncoding = 4; lastKnownFileType = sourcecode.swift; path = RetryStrategy.swift; sourceTree = "<group>"; };
		D373AADF2CAC17A100DF2EC7 /* SessionDataTask.swift */ = {isa = PBXFileReference; fileEncoding = 4; lastKnownFileType = sourcecode.swift; path = SessionDataTask.swift; sourceTree = "<group>"; };
		D373AAE02CAC17A100DF2EC7 /* SessionDelegate.swift */ = {isa = PBXFileReference; fileEncoding = 4; lastKnownFileType = sourcecode.swift; path = SessionDelegate.swift; sourceTree = "<group>"; };
		D373AAE22CAC17A100DF2EC7 /* Box.swift */ = {isa = PBXFileReference; fileEncoding = 4; lastKnownFileType = sourcecode.swift; path = Box.swift; sourceTree = "<group>"; };
		D373AAE32CAC17A100DF2EC7 /* CallbackQueue.swift */ = {isa = PBXFileReference; fileEncoding = 4; lastKnownFileType = sourcecode.swift; path = CallbackQueue.swift; sourceTree = "<group>"; };
		D373AAE42CAC17A100DF2EC7 /* Delegate.swift */ = {isa = PBXFileReference; fileEncoding = 4; lastKnownFileType = sourcecode.swift; path = Delegate.swift; sourceTree = "<group>"; };
		D373AAE52CAC17A100DF2EC7 /* ExtensionHelpers.swift */ = {isa = PBXFileReference; fileEncoding = 4; lastKnownFileType = sourcecode.swift; path = ExtensionHelpers.swift; sourceTree = "<group>"; };
		D373AAE62CAC17A100DF2EC7 /* Result.swift */ = {isa = PBXFileReference; fileEncoding = 4; lastKnownFileType = sourcecode.swift; path = Result.swift; sourceTree = "<group>"; };
		D373AAE72CAC17A100DF2EC7 /* Runtime.swift */ = {isa = PBXFileReference; fileEncoding = 4; lastKnownFileType = sourcecode.swift; path = Runtime.swift; sourceTree = "<group>"; };
		D373AAE82CAC17A100DF2EC7 /* SizeExtensions.swift */ = {isa = PBXFileReference; fileEncoding = 4; lastKnownFileType = sourcecode.swift; path = SizeExtensions.swift; sourceTree = "<group>"; };
		D373AAE92CAC17A100DF2EC7 /* String+MD5.swift */ = {isa = PBXFileReference; fileEncoding = 4; lastKnownFileType = sourcecode.swift; path = "String+MD5.swift"; sourceTree = "<group>"; };
		D373AAEB2CAC17A100DF2EC7 /* AnimatedImageView.swift */ = {isa = PBXFileReference; fileEncoding = 4; lastKnownFileType = sourcecode.swift; path = AnimatedImageView.swift; sourceTree = "<group>"; };
		D373AAEC2CAC17A100DF2EC7 /* Indicator.swift */ = {isa = PBXFileReference; fileEncoding = 4; lastKnownFileType = sourcecode.swift; path = Indicator.swift; sourceTree = "<group>"; };
		D373AB2A2CAD58B000DF2EC7 /* VPNServiceTableView.swift */ = {isa = PBXFileReference; lastKnownFileType = sourcecode.swift; path = VPNServiceTableView.swift; sourceTree = "<group>"; };
		D373AB2C2CAD594C00DF2EC7 /* ServerСell.swift */ = {isa = PBXFileReference; lastKnownFileType = sourcecode.swift; path = "ServerСell.swift"; sourceTree = "<group>"; };
		D373AB2F2CAD7D7E00DF2EC7 /* SwipeConnectView.swift */ = {isa = PBXFileReference; lastKnownFileType = sourcecode.swift; path = SwipeConnectView.swift; sourceTree = "<group>"; };
		D3A017F72CB3D19A006238E1 /* PopupView.swift */ = {isa = PBXFileReference; lastKnownFileType = sourcecode.swift; path = PopupView.swift; sourceTree = "<group>"; };
		D3CC70252CA2999100D747F5 /* TrustVPN.app */ = {isa = PBXFileReference; explicitFileType = wrapper.application; includeInIndex = 0; path = TrustVPN.app; sourceTree = BUILT_PRODUCTS_DIR; };
		D3CC70282CA2999100D747F5 /* AppDelegate.swift */ = {isa = PBXFileReference; lastKnownFileType = sourcecode.swift; path = AppDelegate.swift; sourceTree = "<group>"; };
		D3CC702A2CA2999100D747F5 /* SceneDelegate.swift */ = {isa = PBXFileReference; lastKnownFileType = sourcecode.swift; path = SceneDelegate.swift; sourceTree = "<group>"; };
		D3CC702C2CA2999100D747F5 /* StartupViewController.swift */ = {isa = PBXFileReference; lastKnownFileType = sourcecode.swift; path = StartupViewController.swift; sourceTree = "<group>"; };
		D3CC70312CA2999200D747F5 /* Assets.xcassets */ = {isa = PBXFileReference; lastKnownFileType = folder.assetcatalog; path = Assets.xcassets; sourceTree = "<group>"; };
		D3CC70342CA2999200D747F5 /* Base */ = {isa = PBXFileReference; lastKnownFileType = file.storyboard; name = Base; path = Base.lproj/LaunchScreen.storyboard; sourceTree = "<group>"; };
		D3CC70362CA2999200D747F5 /* Info.plist */ = {isa = PBXFileReference; lastKnownFileType = text.plist.xml; path = Info.plist; sourceTree = "<group>"; };
		D3CC703E2CA2A35500D747F5 /* PrivacyInfo.xcprivacy */ = {isa = PBXFileReference; fileEncoding = 4; lastKnownFileType = text.xml; path = PrivacyInfo.xcprivacy; sourceTree = "<group>"; };
		D3CC70402CA2A60900D747F5 /* Default.swift */ = {isa = PBXFileReference; lastKnownFileType = sourcecode.swift; path = Default.swift; sourceTree = "<group>"; };
		D3CC70442CA2A7BA00D747F5 /* Extension + Date.swift */ = {isa = PBXFileReference; fileEncoding = 4; lastKnownFileType = sourcecode.swift; path = "Extension + Date.swift"; sourceTree = "<group>"; };
		D3CC70452CA2A7BA00D747F5 /* Extension + UIView.swift */ = {isa = PBXFileReference; fileEncoding = 4; lastKnownFileType = sourcecode.swift; path = "Extension + UIView.swift"; sourceTree = "<group>"; };
		D3CC70462CA2A7BA00D747F5 /* Extension + UIViewController.swift */ = {isa = PBXFileReference; fileEncoding = 4; lastKnownFileType = sourcecode.swift; path = "Extension + UIViewController.swift"; sourceTree = "<group>"; };
		D3CC70472CA2A7BA00D747F5 /* Extension + UIColor.swift */ = {isa = PBXFileReference; fileEncoding = 4; lastKnownFileType = sourcecode.swift; path = "Extension + UIColor.swift"; sourceTree = "<group>"; };
		D3CC70482CA2A7BA00D747F5 /* Extension + Gradient.swift */ = {isa = PBXFileReference; fileEncoding = 4; lastKnownFileType = sourcecode.swift; path = "Extension + Gradient.swift"; sourceTree = "<group>"; };
		D3CC70492CA2A7BA00D747F5 /* Extension + Int.swift */ = {isa = PBXFileReference; fileEncoding = 4; lastKnownFileType = sourcecode.swift; path = "Extension + Int.swift"; sourceTree = "<group>"; };
		D3CC704A2CA2A7BA00D747F5 /* Extension + UIStackView.swift */ = {isa = PBXFileReference; fileEncoding = 4; lastKnownFileType = sourcecode.swift; path = "Extension + UIStackView.swift"; sourceTree = "<group>"; };
		D3CC704B2CA2A7BA00D747F5 /* Extension + UIFont.swift */ = {isa = PBXFileReference; fileEncoding = 4; lastKnownFileType = sourcecode.swift; path = "Extension + UIFont.swift"; sourceTree = "<group>"; };
		D3CC704C2CA2A7BA00D747F5 /* Extension + UITextField.swift */ = {isa = PBXFileReference; fileEncoding = 4; lastKnownFileType = sourcecode.swift; path = "Extension + UITextField.swift"; sourceTree = "<group>"; };
		D3CC704D2CA2A7BA00D747F5 /* Extension + UserDefaults.swift */ = {isa = PBXFileReference; fileEncoding = 4; lastKnownFileType = sourcecode.swift; path = "Extension + UserDefaults.swift"; sourceTree = "<group>"; };
		D3CC704E2CA2A7BA00D747F5 /* Extension + Image.swift */ = {isa = PBXFileReference; fileEncoding = 4; lastKnownFileType = sourcecode.swift; path = "Extension + Image.swift"; sourceTree = "<group>"; };
		D3CC704F2CA2A7BA00D747F5 /* Extension + String.swift */ = {isa = PBXFileReference; fileEncoding = 4; lastKnownFileType = sourcecode.swift; path = "Extension + String.swift"; sourceTree = "<group>"; };
		D3CC705D2CA2ACD900D747F5 /* AppColors.swift */ = {isa = PBXFileReference; lastKnownFileType = sourcecode.swift; path = AppColors.swift; sourceTree = "<group>"; };
		D3CC70602CA2CDFD00D747F5 /* LoadService.swift */ = {isa = PBXFileReference; lastKnownFileType = sourcecode.swift; path = LoadService.swift; sourceTree = "<group>"; };
		D3CC70622CA2CEB300D747F5 /* ConfigureModel.swift */ = {isa = PBXFileReference; lastKnownFileType = sourcecode.swift; path = ConfigureModel.swift; sourceTree = "<group>"; };
		D3CC70672CA2E16500D747F5 /* VPNServiceController.swift */ = {isa = PBXFileReference; lastKnownFileType = sourcecode.swift; path = VPNServiceController.swift; sourceTree = "<group>"; };
		D3CC70692CA2E5F700D747F5 /* OnboardViewController.swift */ = {isa = PBXFileReference; lastKnownFileType = sourcecode.swift; path = OnboardViewController.swift; sourceTree = "<group>"; };
		D3CC706B2CA2F11200D747F5 /* AppText.swift */ = {isa = PBXFileReference; lastKnownFileType = sourcecode.swift; path = AppText.swift; sourceTree = "<group>"; };
		D3CC706D2CA2F1F300D747F5 /* TermsOfUseViewController.swift */ = {isa = PBXFileReference; lastKnownFileType = sourcecode.swift; path = TermsOfUseViewController.swift; sourceTree = "<group>"; };
		E38BFD48072E33027407D554 /* Pods_TrustVPN.framework */ = {isa = PBXFileReference; explicitFileType = wrapper.framework; includeInIndex = 0; path = Pods_TrustVPN.framework; sourceTree = BUILT_PRODUCTS_DIR; };
/* End PBXFileReference section */

/* Begin PBXFrameworksBuildPhase section */
		D3CC70222CA2999100D747F5 /* Frameworks */ = {
			isa = PBXFrameworksBuildPhase;
			buildActionMask = 2147483647;
			files = (
				97B1974B2E1B601ABA1FE937 /* Pods_TrustVPN.framework in Frameworks */,
			);
			runOnlyForDeploymentPostprocessing = 0;
		};
/* End PBXFrameworksBuildPhase section */

/* Begin PBXGroup section */
		11D652038195DF78AC12BBF1 /* Frameworks */ = {
			isa = PBXGroup;
			children = (
				E38BFD48072E33027407D554 /* Pods_TrustVPN.framework */,
			);
			name = Frameworks;
			sourceTree = "<group>";
		};
		5118AEA919A96F65DB7B33C0 /* Pods */ = {
			isa = PBXGroup;
			children = (
				38F37FA560FE7176BE372599 /* Pods-TrustVPN.debug.xcconfig */,
				15B129F793D1ED0370DECE97 /* Pods-TrustVPN.release.xcconfig */,
			);
			path = Pods;
			sourceTree = "<group>";
		};
		D373AA902CA43ED600DF2EC7 /* Onboard */ = {
			isa = PBXGroup;
			children = (
				D3CC70692CA2E5F700D747F5 /* OnboardViewController.swift */,
				D373AA932CA43F0C00DF2EC7 /* Views */,
			);
			path = Onboard;
			sourceTree = "<group>";
		};
		D373AA932CA43F0C00DF2EC7 /* Views */ = {
			isa = PBXGroup;
			children = (
				D373AA912CA43F0700DF2EC7 /* InfoView.swift */,
			);
			path = Views;
			sourceTree = "<group>";
		};
		D373AA962CA4549000DF2EC7 /* Launch */ = {
			isa = PBXGroup;
			children = (
				D3CC702C2CA2999100D747F5 /* StartupViewController.swift */,
			);
			path = Launch;
			sourceTree = "<group>";
		};
		D373AA972CA454A500DF2EC7 /* Terms */ = {
			isa = PBXGroup;
			children = (
				D3CC706D2CA2F1F300D747F5 /* TermsOfUseViewController.swift */,
			);
			path = Terms;
			sourceTree = "<group>";
		};
		D373AA982CA4561A00DF2EC7 /* TabBar */ = {
			isa = PBXGroup;
			children = (
				D373AA9F2CA4572700DF2EC7 /* VPNService */,
				D373AAA02CA4573200DF2EC7 /* DeviceSearch */,
				D373AAA12CA4573D00DF2EC7 /* PasswordSecurity */,
				D373AAA22CA4574700DF2EC7 /* Options */,
				D373AAA32CA4585D00DF2EC7 /* TabBarController.swift */,
			);
			path = TabBar;
			sourceTree = "<group>";
		};
		D373AA9F2CA4572700DF2EC7 /* VPNService */ = {
			isa = PBXGroup;
			children = (
				D373AB282CAD575C00DF2EC7 /* VPNService */,
				D373AB292CAD581500DF2EC7 /* ChooseServer */,
			);
			path = VPNService;
			sourceTree = "<group>";
		};
		D373AAA02CA4573200DF2EC7 /* DeviceSearch */ = {
			isa = PBXGroup;
			children = (
				D373AA992CA456E000DF2EC7 /* DeviceSearchController.swift */,
			);
			path = DeviceSearch;
			sourceTree = "<group>";
		};
		D373AAA12CA4573D00DF2EC7 /* PasswordSecurity */ = {
			isa = PBXGroup;
			children = (
				D373AA9B2CA4570300DF2EC7 /* PasswordSecurityController.swift */,
			);
			path = PasswordSecurity;
			sourceTree = "<group>";
		};
		D373AAA22CA4574700DF2EC7 /* Options */ = {
			isa = PBXGroup;
			children = (
				D373AA9D2CA4571B00DF2EC7 /* OptionsController.swift */,
			);
			path = Options;
			sourceTree = "<group>";
		};
		D373AAB62CAC17A100DF2EC7 /* Cache */ = {
			isa = PBXGroup;
			children = (
				D373AAB02CAC17A100DF2EC7 /* CacheSerializer.swift */,
				D373AAB12CAC17A100DF2EC7 /* DiskStorage.swift */,
				D373AAB22CAC17A100DF2EC7 /* FormatIndicatedCacheSerializer.swift */,
				D373AAB32CAC17A100DF2EC7 /* ImageCache.swift */,
				D373AAB42CAC17A100DF2EC7 /* MemoryStorage.swift */,
				D373AAB52CAC17A100DF2EC7 /* Storage.swift */,
			);
			path = Cache;
			sourceTree = "<group>";
		};
		D373AABE2CAC17A100DF2EC7 /* Extensions */ = {
			isa = PBXGroup;
			children = (
				D373AAB72CAC17A100DF2EC7 /* CPListItem+Kingfisher.swift */,
				D373AAB82CAC17A100DF2EC7 /* ImageView+Kingfisher.swift */,
				D373AAB92CAC17A100DF2EC7 /* NSButton+Kingfisher.swift */,
				D373AABA2CAC17A100DF2EC7 /* NSTextAttachment+Kingfisher.swift */,
				D373AABB2CAC17A100DF2EC7 /* TVMonogramView+Kingfisher.swift */,
				D373AABC2CAC17A100DF2EC7 /* UIButton+Kingfisher.swift */,
				D373AABD2CAC17A100DF2EC7 /* WKInterfaceImage+Kingfisher.swift */,
			);
			path = Extensions;
			sourceTree = "<group>";
		};
		D373AAC32CAC17A100DF2EC7 /* ImageSource */ = {
			isa = PBXGroup;
			children = (
				D373AABF2CAC17A100DF2EC7 /* AVAssetImageDataProvider.swift */,
				D373AAC02CAC17A100DF2EC7 /* ImageDataProvider.swift */,
				D373AAC12CAC17A100DF2EC7 /* Resource.swift */,
				D373AAC22CAC17A100DF2EC7 /* Source.swift */,
			);
			path = ImageSource;
			sourceTree = "<group>";
		};
		D373AACA2CAC17A100DF2EC7 /* General */ = {
			isa = PBXGroup;
			children = (
				D373AAC32CAC17A100DF2EC7 /* ImageSource */,
				D373AAC42CAC17A100DF2EC7 /* KF.swift */,
				D373AAC52CAC17A100DF2EC7 /* KFOptionsSetter.swift */,
				D373AAC62CAC17A100DF2EC7 /* Kingfisher.swift */,
				D373AAC72CAC17A100DF2EC7 /* KingfisherError.swift */,
				D373AAC82CAC17A100DF2EC7 /* KingfisherManager.swift */,
				D373AAC92CAC17A100DF2EC7 /* KingfisherOptionsInfo.swift */,
			);
			path = General;
			sourceTree = "<group>";
		};
		D373AAD52CAC17A100DF2EC7 /* Image */ = {
			isa = PBXGroup;
			children = (
				D373AACB2CAC17A100DF2EC7 /* Filter.swift */,
				D373AACC2CAC17A100DF2EC7 /* GIFAnimatedImage.swift */,
				D373AACD2CAC17A100DF2EC7 /* GraphicsContext.swift */,
				D373AACE2CAC17A100DF2EC7 /* Image.swift */,
				D373AACF2CAC17A100DF2EC7 /* ImageDrawing.swift */,
				D373AAD02CAC17A100DF2EC7 /* ImageFormat.swift */,
				D373AAD12CAC17A100DF2EC7 /* ImageProcessor.swift */,
				D373AAD22CAC17A100DF2EC7 /* ImageProgressive.swift */,
				D373AAD32CAC17A100DF2EC7 /* ImageTransition.swift */,
				D373AAD42CAC17A100DF2EC7 /* Placeholder.swift */,
			);
			path = Image;
			sourceTree = "<group>";
		};
		D373AAE12CAC17A100DF2EC7 /* Networking */ = {
			isa = PBXGroup;
			children = (
				D373AAD62CAC17A100DF2EC7 /* AuthenticationChallengeResponsable.swift */,
				D373AAD72CAC17A100DF2EC7 /* ImageDataProcessor.swift */,
				D373AAD82CAC17A100DF2EC7 /* ImageDownloader.swift */,
				D373AAD92CAC17A100DF2EC7 /* ImageDownloaderDelegate.swift */,
				D373AADA2CAC17A100DF2EC7 /* ImageModifier.swift */,
				D373AADB2CAC17A100DF2EC7 /* ImagePrefetcher.swift */,
				D373AADC2CAC17A100DF2EC7 /* RedirectHandler.swift */,
				D373AADD2CAC17A100DF2EC7 /* RequestModifier.swift */,
				D373AADE2CAC17A100DF2EC7 /* RetryStrategy.swift */,
				D373AADF2CAC17A100DF2EC7 /* SessionDataTask.swift */,
				D373AAE02CAC17A100DF2EC7 /* SessionDelegate.swift */,
			);
			path = Networking;
			sourceTree = "<group>";
		};
		D373AAEA2CAC17A100DF2EC7 /* Utility */ = {
			isa = PBXGroup;
			children = (
				D373AAE22CAC17A100DF2EC7 /* Box.swift */,
				D373AAE32CAC17A100DF2EC7 /* CallbackQueue.swift */,
				D373AAE42CAC17A100DF2EC7 /* Delegate.swift */,
				D373AAE52CAC17A100DF2EC7 /* ExtensionHelpers.swift */,
				D373AAE62CAC17A100DF2EC7 /* Result.swift */,
				D373AAE72CAC17A100DF2EC7 /* Runtime.swift */,
				D373AAE82CAC17A100DF2EC7 /* SizeExtensions.swift */,
				D373AAE92CAC17A100DF2EC7 /* String+MD5.swift */,
			);
			path = Utility;
			sourceTree = "<group>";
		};
		D373AAED2CAC17A100DF2EC7 /* Views */ = {
			isa = PBXGroup;
			children = (
				D373AAEB2CAC17A100DF2EC7 /* AnimatedImageView.swift */,
				D373AAEC2CAC17A100DF2EC7 /* Indicator.swift */,
			);
			path = Views;
			sourceTree = "<group>";
		};
		D373AAEF2CAC17A100DF2EC7 /* Sources */ = {
			isa = PBXGroup;
			children = (
				D373AAB62CAC17A100DF2EC7 /* Cache */,
				D373AABE2CAC17A100DF2EC7 /* Extensions */,
				D373AACA2CAC17A100DF2EC7 /* General */,
				D373AAD52CAC17A100DF2EC7 /* Image */,
				D373AAE12CAC17A100DF2EC7 /* Networking */,
				D373AAEA2CAC17A100DF2EC7 /* Utility */,
				D373AAED2CAC17A100DF2EC7 /* Views */,
			);
			path = Sources;
			sourceTree = "<group>";
		};
		D373AAF02CAC17A100DF2EC7 /* Kingfisher */ = {
			isa = PBXGroup;
			children = (
				D373AAEF2CAC17A100DF2EC7 /* Sources */,
			);
			path = Kingfisher;
			sourceTree = "<group>";
		};
		D373AB282CAD575C00DF2EC7 /* VPNService */ = {
			isa = PBXGroup;
			children = (
				D3CC70672CA2E16500D747F5 /* VPNServiceController.swift */,
				D373AB2A2CAD58B000DF2EC7 /* VPNServiceTableView.swift */,
				D373AB2E2CAD7D6400DF2EC7 /* View */,
			);
			path = VPNService;
			sourceTree = "<group>";
		};
		D373AB292CAD581500DF2EC7 /* ChooseServer */ = {
			isa = PBXGroup;
			children = (
				D373AAA52CAA97CB00DF2EC7 /* ChooseServerController.swift */,
				D373AAA72CAAB4D200DF2EC7 /* ServersTableView.swift */,
				D373AAA92CAACA9C00DF2EC7 /* ChooseServerСell.swift */,
			);
			path = ChooseServer;
			sourceTree = "<group>";
		};
		D373AB2E2CAD7D6400DF2EC7 /* View */ = {
			isa = PBXGroup;
			children = (
				D3A017F72CB3D19A006238E1 /* PopupView.swift */,
				D373AB2C2CAD594C00DF2EC7 /* ServerСell.swift */,
				D373AB2F2CAD7D7E00DF2EC7 /* SwipeConnectView.swift */,
			);
			path = View;
			sourceTree = "<group>";
		};
		D3CC701C2CA2999100D747F5 = {
			isa = PBXGroup;
			children = (
				D3CC70272CA2999100D747F5 /* TrustVPN */,
				D3CC70262CA2999100D747F5 /* Products */,
				5118AEA919A96F65DB7B33C0 /* Pods */,
				11D652038195DF78AC12BBF1 /* Frameworks */,
			);
			sourceTree = "<group>";
		};
		D3CC70262CA2999100D747F5 /* Products */ = {
			isa = PBXGroup;
			children = (
				D3CC70252CA2999100D747F5 /* TrustVPN.app */,
			);
			name = Products;
			sourceTree = "<group>";
		};
		D3CC70272CA2999100D747F5 /* TrustVPN */ = {
			isa = PBXGroup;
			children = (
				D373AAAD2CAC0A9C00DF2EC7 /* TrustVPN.entitlements */,
				D3CC705F2CA2CDB900D747F5 /* Modules */,
				D3CC705C2CA2A7C300D747F5 /* Extensions */,
				D3CC703C2CA29D3A00D747F5 /* Application */,
				D3CC703D2CA29D5200D747F5 /* Resource */,
				D3CC70402CA2A60900D747F5 /* Default.swift */,
				D3CC70602CA2CDFD00D747F5 /* LoadService.swift */,
				D373AAAB2CABE10300DF2EC7 /* VpnService.swift */,
				D3CC70622CA2CEB300D747F5 /* ConfigureModel.swift */,
			);
			path = TrustVPN;
			sourceTree = "<group>";
		};
		D3CC703C2CA29D3A00D747F5 /* Application */ = {
			isa = PBXGroup;
			children = (
				D3CC70282CA2999100D747F5 /* AppDelegate.swift */,
				D3CC702A2CA2999100D747F5 /* SceneDelegate.swift */,
				D3CC70362CA2999200D747F5 /* Info.plist */,
				D3CC703E2CA2A35500D747F5 /* PrivacyInfo.xcprivacy */,
			);
			path = Application;
			sourceTree = "<group>";
		};
		D3CC703D2CA29D5200D747F5 /* Resource */ = {
			isa = PBXGroup;
			children = (
				D3CC70312CA2999200D747F5 /* Assets.xcassets */,
				D3CC70332CA2999200D747F5 /* LaunchScreen.storyboard */,
				D3CC705D2CA2ACD900D747F5 /* AppColors.swift */,
				D3CC706B2CA2F11200D747F5 /* AppText.swift */,
				D373AAF02CAC17A100DF2EC7 /* Kingfisher */,
			);
			path = Resource;
			sourceTree = "<group>";
		};
		D3CC705C2CA2A7C300D747F5 /* Extensions */ = {
			isa = PBXGroup;
			children = (
				D3CC70442CA2A7BA00D747F5 /* Extension + Date.swift */,
				D3CC70482CA2A7BA00D747F5 /* Extension + Gradient.swift */,
				D3CC704E2CA2A7BA00D747F5 /* Extension + Image.swift */,
				D3CC70492CA2A7BA00D747F5 /* Extension + Int.swift */,
				D3CC704F2CA2A7BA00D747F5 /* Extension + String.swift */,
				D3CC70472CA2A7BA00D747F5 /* Extension + UIColor.swift */,
				D3CC704B2CA2A7BA00D747F5 /* Extension + UIFont.swift */,
				D3CC704A2CA2A7BA00D747F5 /* Extension + UIStackView.swift */,
				D3CC704C2CA2A7BA00D747F5 /* Extension + UITextField.swift */,
				D3CC70452CA2A7BA00D747F5 /* Extension + UIView.swift */,
				D3CC70462CA2A7BA00D747F5 /* Extension + UIViewController.swift */,
				D3CC704D2CA2A7BA00D747F5 /* Extension + UserDefaults.swift */,
			);
			path = Extensions;
			sourceTree = "<group>";
		};
		D3CC705F2CA2CDB900D747F5 /* Modules */ = {
			isa = PBXGroup;
			children = (
				D373AA962CA4549000DF2EC7 /* Launch */,
				D373AA972CA454A500DF2EC7 /* Terms */,
				D373AA902CA43ED600DF2EC7 /* Onboard */,
				D373AA982CA4561A00DF2EC7 /* TabBar */,
			);
			path = Modules;
			sourceTree = "<group>";
		};
/* End PBXGroup section */

/* Begin PBXNativeTarget section */
		D3CC70242CA2999100D747F5 /* TrustVPN */ = {
			isa = PBXNativeTarget;
			buildConfigurationList = D3CC70392CA2999200D747F5 /* Build configuration list for PBXNativeTarget "TrustVPN" */;
			buildPhases = (
				10682D84D132F61815FFBB43 /* [CP] Check Pods Manifest.lock */,
				D3CC70212CA2999100D747F5 /* Sources */,
				D3CC70222CA2999100D747F5 /* Frameworks */,
				D3CC70232CA2999100D747F5 /* Resources */,
				A8AEBB58ED030DC7560D0EBC /* [CP] Embed Pods Frameworks */,
			);
			buildRules = (
			);
			dependencies = (
			);
			name = TrustVPN;
			productName = TrustVPN;
			productReference = D3CC70252CA2999100D747F5 /* TrustVPN.app */;
			productType = "com.apple.product-type.application";
		};
/* End PBXNativeTarget section */

/* Begin PBXProject section */
		D3CC701D2CA2999100D747F5 /* Project object */ = {
			isa = PBXProject;
			attributes = {
				BuildIndependentTargetsInParallel = 1;
				LastSwiftUpdateCheck = 1540;
				LastUpgradeCheck = 1540;
				TargetAttributes = {
					D3CC70242CA2999100D747F5 = {
						CreatedOnToolsVersion = 15.4;
					};
				};
			};
			buildConfigurationList = D3CC70202CA2999100D747F5 /* Build configuration list for PBXProject "TrustVPN" */;
			compatibilityVersion = "Xcode 14.0";
			developmentRegion = en;
			hasScannedForEncodings = 0;
			knownRegions = (
				en,
				Base,
			);
			mainGroup = D3CC701C2CA2999100D747F5;
			productRefGroup = D3CC70262CA2999100D747F5 /* Products */;
			projectDirPath = "";
			projectRoot = "";
			targets = (
				D3CC70242CA2999100D747F5 /* TrustVPN */,
			);
		};
/* End PBXProject section */

/* Begin PBXResourcesBuildPhase section */
		D3CC70232CA2999100D747F5 /* Resources */ = {
			isa = PBXResourcesBuildPhase;
			buildActionMask = 2147483647;
			files = (
				D3CC703F2CA2A35500D747F5 /* PrivacyInfo.xcprivacy in Resources */,
				D3CC70322CA2999200D747F5 /* Assets.xcassets in Resources */,
				D3CC70352CA2999200D747F5 /* Base in Resources */,
			);
			runOnlyForDeploymentPostprocessing = 0;
		};
/* End PBXResourcesBuildPhase section */

/* Begin PBXShellScriptBuildPhase section */
		10682D84D132F61815FFBB43 /* [CP] Check Pods Manifest.lock */ = {
			isa = PBXShellScriptBuildPhase;
			buildActionMask = 2147483647;
			files = (
			);
			inputFileListPaths = (
			);
			inputPaths = (
				"${PODS_PODFILE_DIR_PATH}/Podfile.lock",
				"${PODS_ROOT}/Manifest.lock",
			);
			name = "[CP] Check Pods Manifest.lock";
			outputFileListPaths = (
			);
			outputPaths = (
				"$(DERIVED_FILE_DIR)/Pods-TrustVPN-checkManifestLockResult.txt",
			);
			runOnlyForDeploymentPostprocessing = 0;
			shellPath = /bin/sh;
			shellScript = "diff \"${PODS_PODFILE_DIR_PATH}/Podfile.lock\" \"${PODS_ROOT}/Manifest.lock\" > /dev/null\nif [ $? != 0 ] ; then\n    # print error to STDERR\n    echo \"error: The sandbox is not in sync with the Podfile.lock. Run 'pod install' or update your CocoaPods installation.\" >&2\n    exit 1\nfi\n# This output is used by Xcode 'outputs' to avoid re-running this script phase.\necho \"SUCCESS\" > \"${SCRIPT_OUTPUT_FILE_0}\"\n";
			showEnvVarsInLog = 0;
		};
		A8AEBB58ED030DC7560D0EBC /* [CP] Embed Pods Frameworks */ = {
			isa = PBXShellScriptBuildPhase;
			buildActionMask = 2147483647;
			files = (
			);
			inputFileListPaths = (
				"${PODS_ROOT}/Target Support Files/Pods-TrustVPN/Pods-TrustVPN-frameworks-${CONFIGURATION}-input-files.xcfilelist",
			);
			name = "[CP] Embed Pods Frameworks";
			outputFileListPaths = (
				"${PODS_ROOT}/Target Support Files/Pods-TrustVPN/Pods-TrustVPN-frameworks-${CONFIGURATION}-output-files.xcfilelist",
			);
			runOnlyForDeploymentPostprocessing = 0;
			shellPath = /bin/sh;
			shellScript = "\"${PODS_ROOT}/Target Support Files/Pods-TrustVPN/Pods-TrustVPN-frameworks.sh\"\n";
			showEnvVarsInLog = 0;
		};
/* End PBXShellScriptBuildPhase section */

/* Begin PBXSourcesBuildPhase section */
		D3CC70212CA2999100D747F5 /* Sources */ = {
			isa = PBXSourcesBuildPhase;
			buildActionMask = 2147483647;
			files = (
				D373AB0D2CAC17A100DF2EC7 /* ImageFormat.swift in Sources */,
				D373AAFB2CAC17A100DF2EC7 /* TVMonogramView+Kingfisher.swift in Sources */,
				D3CC70592CA2A7BB00D747F5 /* Extension + UserDefaults.swift in Sources */,
				D3CC70612CA2CDFD00D747F5 /* LoadService.swift in Sources */,
				D3CC706E2CA2F1F300D747F5 /* TermsOfUseViewController.swift in Sources */,
				D373AAF62CAC17A100DF2EC7 /* Storage.swift in Sources */,
				D373AAA42CA4585D00DF2EC7 /* TabBarController.swift in Sources */,
				D373AAF52CAC17A100DF2EC7 /* MemoryStorage.swift in Sources */,
				D373AAF22CAC17A100DF2EC7 /* DiskStorage.swift in Sources */,
				D373AB132CAC17A100DF2EC7 /* ImageDataProcessor.swift in Sources */,
				D373AB142CAC17A100DF2EC7 /* ImageDownloader.swift in Sources */,
				D3CC70572CA2A7BB00D747F5 /* Extension + UIFont.swift in Sources */,
				D373AB172CAC17A100DF2EC7 /* ImagePrefetcher.swift in Sources */,
				D3CC705B2CA2A7BB00D747F5 /* Extension + String.swift in Sources */,
				D373AB0F2CAC17A100DF2EC7 /* ImageProgressive.swift in Sources */,
				D373AB1B2CAC17A100DF2EC7 /* SessionDataTask.swift in Sources */,
				D3CC706C2CA2F11200D747F5 /* AppText.swift in Sources */,
				D3CC705E2CA2ACD900D747F5 /* AppColors.swift in Sources */,
				D3CC70502CA2A7BB00D747F5 /* Extension + Date.swift in Sources */,
				D373AB0B2CAC17A100DF2EC7 /* Image.swift in Sources */,
				D373AAA62CAA97CB00DF2EC7 /* ChooseServerController.swift in Sources */,
				D3CC70532CA2A7BB00D747F5 /* Extension + UIColor.swift in Sources */,
				D373AB1E2CAC17A100DF2EC7 /* CallbackQueue.swift in Sources */,
				D373AAFA2CAC17A100DF2EC7 /* NSTextAttachment+Kingfisher.swift in Sources */,
				D3CC706A2CA2E5F700D747F5 /* OnboardViewController.swift in Sources */,
				D373AB012CAC17A100DF2EC7 /* Source.swift in Sources */,
				D373AB182CAC17A100DF2EC7 /* RedirectHandler.swift in Sources */,
				D373AB0A2CAC17A100DF2EC7 /* GraphicsContext.swift in Sources */,
				D373AAAA2CAACA9C00DF2EC7 /* ChooseServerСell.swift in Sources */,
				D373AAF82CAC17A100DF2EC7 /* ImageView+Kingfisher.swift in Sources */,
				D373AA9C2CA4570300DF2EC7 /* PasswordSecurityController.swift in Sources */,
				D373AB082CAC17A100DF2EC7 /* Filter.swift in Sources */,
				D373AB0C2CAC17A100DF2EC7 /* ImageDrawing.swift in Sources */,
				D373AB202CAC17A100DF2EC7 /* ExtensionHelpers.swift in Sources */,
				D373AAFD2CAC17A100DF2EC7 /* WKInterfaceImage+Kingfisher.swift in Sources */,
				D373AB262CAC17A100DF2EC7 /* Indicator.swift in Sources */,
				D373AAFF2CAC17A100DF2EC7 /* ImageDataProvider.swift in Sources */,
				D3CC705A2CA2A7BB00D747F5 /* Extension + Image.swift in Sources */,
				D3CC70522CA2A7BB00D747F5 /* Extension + UIViewController.swift in Sources */,
				D373AAAC2CABE10300DF2EC7 /* VpnService.swift in Sources */,
				D373AAFC2CAC17A100DF2EC7 /* UIButton+Kingfisher.swift in Sources */,
				D373AB032CAC17A100DF2EC7 /* KFOptionsSetter.swift in Sources */,
				D373AB162CAC17A100DF2EC7 /* ImageModifier.swift in Sources */,
				D373AB222CAC17A100DF2EC7 /* Runtime.swift in Sources */,
				D373AAF72CAC17A100DF2EC7 /* CPListItem+Kingfisher.swift in Sources */,
				D3CC70552CA2A7BB00D747F5 /* Extension + Int.swift in Sources */,
				D373AB302CAD7D7E00DF2EC7 /* SwipeConnectView.swift in Sources */,
				D373AB152CAC17A100DF2EC7 /* ImageDownloaderDelegate.swift in Sources */,
				D373AB232CAC17A100DF2EC7 /* SizeExtensions.swift in Sources */,
				D373AB2D2CAD594C00DF2EC7 /* ServerСell.swift in Sources */,
				D373AAA82CAAB4D200DF2EC7 /* ServersTableView.swift in Sources */,
				D373AAF12CAC17A100DF2EC7 /* CacheSerializer.swift in Sources */,
				D3CC702D2CA2999100D747F5 /* StartupViewController.swift in Sources */,
				D3CC70512CA2A7BB00D747F5 /* Extension + UIView.swift in Sources */,
				D373AB242CAC17A100DF2EC7 /* String+MD5.swift in Sources */,
				D3CC70292CA2999100D747F5 /* AppDelegate.swift in Sources */,
				D373AB0E2CAC17A100DF2EC7 /* ImageProcessor.swift in Sources */,
				D373AB122CAC17A100DF2EC7 /* AuthenticationChallengeResponsable.swift in Sources */,
				D373AB002CAC17A100DF2EC7 /* Resource.swift in Sources */,
				D373AA922CA43F0700DF2EC7 /* InfoView.swift in Sources */,
				D373AB252CAC17A100DF2EC7 /* AnimatedImageView.swift in Sources */,
				D373AB212CAC17A100DF2EC7 /* Result.swift in Sources */,
				D373AB2B2CAD58B000DF2EC7 /* VPNServiceTableView.swift in Sources */,
				D3A017F82CB3D19A006238E1 /* PopupView.swift in Sources */,
				D373AB042CAC17A100DF2EC7 /* Kingfisher.swift in Sources */,
				D3CC70682CA2E16500D747F5 /* VPNServiceController.swift in Sources */,
				D373AAF32CAC17A100DF2EC7 /* FormatIndicatedCacheSerializer.swift in Sources */,
				D373AA9E2CA4571B00DF2EC7 /* OptionsController.swift in Sources */,
				D3CC70412CA2A60900D747F5 /* Default.swift in Sources */,
				D3CC70632CA2CEB300D747F5 /* ConfigureModel.swift in Sources */,
				D373AB062CAC17A100DF2EC7 /* KingfisherManager.swift in Sources */,
				D373AB1C2CAC17A100DF2EC7 /* SessionDelegate.swift in Sources */,
				D373AB112CAC17A100DF2EC7 /* Placeholder.swift in Sources */,
				D373AAF42CAC17A100DF2EC7 /* ImageCache.swift in Sources */,
				D3CC702B2CA2999100D747F5 /* SceneDelegate.swift in Sources */,
				D373AA9A2CA456E000DF2EC7 /* DeviceSearchController.swift in Sources */,
				D373AB072CAC17A100DF2EC7 /* KingfisherOptionsInfo.swift in Sources */,
				D3CC70562CA2A7BB00D747F5 /* Extension + UIStackView.swift in Sources */,
				D373AAFE2CAC17A100DF2EC7 /* AVAssetImageDataProvider.swift in Sources */,
				D373AB1A2CAC17A100DF2EC7 /* RetryStrategy.swift in Sources */,
				D373AAF92CAC17A100DF2EC7 /* NSButton+Kingfisher.swift in Sources */,
				D3CC70582CA2A7BB00D747F5 /* Extension + UITextField.swift in Sources */,
				D373AB1F2CAC17A100DF2EC7 /* Delegate.swift in Sources */,
				D373AB092CAC17A100DF2EC7 /* GIFAnimatedImage.swift in Sources */,
				D373AB1D2CAC17A100DF2EC7 /* Box.swift in Sources */,
				D373AB022CAC17A100DF2EC7 /* KF.swift in Sources */,
				D3CC70542CA2A7BB00D747F5 /* Extension + Gradient.swift in Sources */,
				D373AB192CAC17A100DF2EC7 /* RequestModifier.swift in Sources */,
				D373AB102CAC17A100DF2EC7 /* ImageTransition.swift in Sources */,
				D373AB052CAC17A100DF2EC7 /* KingfisherError.swift in Sources */,
			);
			runOnlyForDeploymentPostprocessing = 0;
		};
/* End PBXSourcesBuildPhase section */

/* Begin PBXVariantGroup section */
		D3CC70332CA2999200D747F5 /* LaunchScreen.storyboard */ = {
			isa = PBXVariantGroup;
			children = (
				D3CC70342CA2999200D747F5 /* Base */,
			);
			name = LaunchScreen.storyboard;
			sourceTree = "<group>";
		};
/* End PBXVariantGroup section */

/* Begin XCBuildConfiguration section */
		D3CC70372CA2999200D747F5 /* Debug */ = {
			isa = XCBuildConfiguration;
			buildSettings = {
				ALWAYS_SEARCH_USER_PATHS = NO;
				ASSETCATALOG_COMPILER_GENERATE_SWIFT_ASSET_SYMBOL_EXTENSIONS = YES;
				CLANG_ANALYZER_NONNULL = YES;
				CLANG_ANALYZER_NUMBER_OBJECT_CONVERSION = YES_AGGRESSIVE;
				CLANG_CXX_LANGUAGE_STANDARD = "gnu++20";
				CLANG_ENABLE_MODULES = YES;
				CLANG_ENABLE_OBJC_ARC = YES;
				CLANG_ENABLE_OBJC_WEAK = YES;
				CLANG_WARN_BLOCK_CAPTURE_AUTORELEASING = YES;
				CLANG_WARN_BOOL_CONVERSION = YES;
				CLANG_WARN_COMMA = YES;
				CLANG_WARN_CONSTANT_CONVERSION = YES;
				CLANG_WARN_DEPRECATED_OBJC_IMPLEMENTATIONS = YES;
				CLANG_WARN_DIRECT_OBJC_ISA_USAGE = YES_ERROR;
				CLANG_WARN_DOCUMENTATION_COMMENTS = YES;
				CLANG_WARN_EMPTY_BODY = YES;
				CLANG_WARN_ENUM_CONVERSION = YES;
				CLANG_WARN_INFINITE_RECURSION = YES;
				CLANG_WARN_INT_CONVERSION = YES;
				CLANG_WARN_NON_LITERAL_NULL_CONVERSION = YES;
				CLANG_WARN_OBJC_IMPLICIT_RETAIN_SELF = YES;
				CLANG_WARN_OBJC_LITERAL_CONVERSION = YES;
				CLANG_WARN_OBJC_ROOT_CLASS = YES_ERROR;
				CLANG_WARN_QUOTED_INCLUDE_IN_FRAMEWORK_HEADER = YES;
				CLANG_WARN_RANGE_LOOP_ANALYSIS = YES;
				CLANG_WARN_STRICT_PROTOTYPES = YES;
				CLANG_WARN_SUSPICIOUS_MOVE = YES;
				CLANG_WARN_UNGUARDED_AVAILABILITY = YES_AGGRESSIVE;
				CLANG_WARN_UNREACHABLE_CODE = YES;
				CLANG_WARN__DUPLICATE_METHOD_MATCH = YES;
				COPY_PHASE_STRIP = NO;
				DEBUG_INFORMATION_FORMAT = dwarf;
				ENABLE_STRICT_OBJC_MSGSEND = YES;
				ENABLE_TESTABILITY = YES;
				ENABLE_USER_SCRIPT_SANDBOXING = NO;
				GCC_C_LANGUAGE_STANDARD = gnu17;
				GCC_DYNAMIC_NO_PIC = NO;
				GCC_NO_COMMON_BLOCKS = YES;
				GCC_OPTIMIZATION_LEVEL = 0;
				GCC_PREPROCESSOR_DEFINITIONS = (
					"DEBUG=1",
					"$(inherited)",
				);
				GCC_WARN_64_TO_32_BIT_CONVERSION = YES;
				GCC_WARN_ABOUT_RETURN_TYPE = YES_ERROR;
				GCC_WARN_UNDECLARED_SELECTOR = YES;
				GCC_WARN_UNINITIALIZED_AUTOS = YES_AGGRESSIVE;
				GCC_WARN_UNUSED_FUNCTION = YES;
				GCC_WARN_UNUSED_VARIABLE = YES;
				IPHONEOS_DEPLOYMENT_TARGET = 17.4;
				LOCALIZATION_PREFERS_STRING_CATALOGS = YES;
				MTL_ENABLE_DEBUG_INFO = INCLUDE_SOURCE;
				MTL_FAST_MATH = YES;
				ONLY_ACTIVE_ARCH = YES;
				SDKROOT = iphoneos;
				SWIFT_ACTIVE_COMPILATION_CONDITIONS = "DEBUG $(inherited)";
				SWIFT_OPTIMIZATION_LEVEL = "-Onone";
			};
			name = Debug;
		};
		D3CC70382CA2999200D747F5 /* Release */ = {
			isa = XCBuildConfiguration;
			buildSettings = {
				ALWAYS_SEARCH_USER_PATHS = NO;
				ASSETCATALOG_COMPILER_GENERATE_SWIFT_ASSET_SYMBOL_EXTENSIONS = YES;
				CLANG_ANALYZER_NONNULL = YES;
				CLANG_ANALYZER_NUMBER_OBJECT_CONVERSION = YES_AGGRESSIVE;
				CLANG_CXX_LANGUAGE_STANDARD = "gnu++20";
				CLANG_ENABLE_MODULES = YES;
				CLANG_ENABLE_OBJC_ARC = YES;
				CLANG_ENABLE_OBJC_WEAK = YES;
				CLANG_WARN_BLOCK_CAPTURE_AUTORELEASING = YES;
				CLANG_WARN_BOOL_CONVERSION = YES;
				CLANG_WARN_COMMA = YES;
				CLANG_WARN_CONSTANT_CONVERSION = YES;
				CLANG_WARN_DEPRECATED_OBJC_IMPLEMENTATIONS = YES;
				CLANG_WARN_DIRECT_OBJC_ISA_USAGE = YES_ERROR;
				CLANG_WARN_DOCUMENTATION_COMMENTS = YES;
				CLANG_WARN_EMPTY_BODY = YES;
				CLANG_WARN_ENUM_CONVERSION = YES;
				CLANG_WARN_INFINITE_RECURSION = YES;
				CLANG_WARN_INT_CONVERSION = YES;
				CLANG_WARN_NON_LITERAL_NULL_CONVERSION = YES;
				CLANG_WARN_OBJC_IMPLICIT_RETAIN_SELF = YES;
				CLANG_WARN_OBJC_LITERAL_CONVERSION = YES;
				CLANG_WARN_OBJC_ROOT_CLASS = YES_ERROR;
				CLANG_WARN_QUOTED_INCLUDE_IN_FRAMEWORK_HEADER = YES;
				CLANG_WARN_RANGE_LOOP_ANALYSIS = YES;
				CLANG_WARN_STRICT_PROTOTYPES = YES;
				CLANG_WARN_SUSPICIOUS_MOVE = YES;
				CLANG_WARN_UNGUARDED_AVAILABILITY = YES_AGGRESSIVE;
				CLANG_WARN_UNREACHABLE_CODE = YES;
				CLANG_WARN__DUPLICATE_METHOD_MATCH = YES;
				COPY_PHASE_STRIP = NO;
				DEBUG_INFORMATION_FORMAT = "dwarf-with-dsym";
				ENABLE_NS_ASSERTIONS = NO;
				ENABLE_STRICT_OBJC_MSGSEND = YES;
				ENABLE_USER_SCRIPT_SANDBOXING = NO;
				GCC_C_LANGUAGE_STANDARD = gnu17;
				GCC_NO_COMMON_BLOCKS = YES;
				GCC_WARN_64_TO_32_BIT_CONVERSION = YES;
				GCC_WARN_ABOUT_RETURN_TYPE = YES_ERROR;
				GCC_WARN_UNDECLARED_SELECTOR = YES;
				GCC_WARN_UNINITIALIZED_AUTOS = YES_AGGRESSIVE;
				GCC_WARN_UNUSED_FUNCTION = YES;
				GCC_WARN_UNUSED_VARIABLE = YES;
				IPHONEOS_DEPLOYMENT_TARGET = 17.4;
				LOCALIZATION_PREFERS_STRING_CATALOGS = YES;
				MTL_ENABLE_DEBUG_INFO = NO;
				MTL_FAST_MATH = YES;
				SDKROOT = iphoneos;
				SWIFT_COMPILATION_MODE = wholemodule;
				VALIDATE_PRODUCT = YES;
			};
			name = Release;
		};
		D3CC703A2CA2999200D747F5 /* Debug */ = {
			isa = XCBuildConfiguration;
			baseConfigurationReference = 38F37FA560FE7176BE372599 /* Pods-TrustVPN.debug.xcconfig */;
			buildSettings = {
				ASSETCATALOG_COMPILER_APPICON_NAME = AppIcon;
				ASSETCATALOG_COMPILER_GLOBAL_ACCENT_COLOR_NAME = AccentColor;
				CODE_SIGN_STYLE = Automatic;
				CURRENT_PROJECT_VERSION = 1;
				GENERATE_INFOPLIST_FILE = YES;
				INFOPLIST_FILE = TrustVPN/Application/Info.plist;
				INFOPLIST_KEY_UIApplicationSupportsIndirectInputEvents = YES;
				INFOPLIST_KEY_UILaunchStoryboardName = LaunchScreen;
				INFOPLIST_KEY_UISupportedInterfaceOrientations = UIInterfaceOrientationPortrait;
				INFOPLIST_KEY_UISupportedInterfaceOrientations_iPad = "UIInterfaceOrientationLandscapeLeft UIInterfaceOrientationLandscapeRight UIInterfaceOrientationPortrait UIInterfaceOrientationPortraitUpsideDown";
				IPHONEOS_DEPLOYMENT_TARGET = 14.0;
				LD_RUNPATH_SEARCH_PATHS = (
					"$(inherited)",
					"@executable_path/Frameworks",
				);
				MARKETING_VERSION = 1.0;
				PRODUCT_BUNDLE_IDENTIFIER = jhbdsv;
				PRODUCT_NAME = "$(TARGET_NAME)";
				SUPPORTED_PLATFORMS = "iphoneos iphonesimulator";
				SUPPORTS_MACCATALYST = NO;
				SUPPORTS_MAC_DESIGNED_FOR_IPHONE_IPAD = NO;
				SUPPORTS_XR_DESIGNED_FOR_IPHONE_IPAD = NO;
				SWIFT_EMIT_LOC_STRINGS = YES;
				SWIFT_VERSION = 5.0;
				TARGETED_DEVICE_FAMILY = 1;
			};
			name = Debug;
		};
		D3CC703B2CA2999200D747F5 /* Release */ = {
			isa = XCBuildConfiguration;
			baseConfigurationReference = 15B129F793D1ED0370DECE97 /* Pods-TrustVPN.release.xcconfig */;
			buildSettings = {
				ASSETCATALOG_COMPILER_APPICON_NAME = AppIcon;
				ASSETCATALOG_COMPILER_GLOBAL_ACCENT_COLOR_NAME = AccentColor;
				CODE_SIGN_STYLE = Automatic;
				CURRENT_PROJECT_VERSION = 1;
				GENERATE_INFOPLIST_FILE = YES;
				INFOPLIST_FILE = TrustVPN/Application/Info.plist;
				INFOPLIST_KEY_UIApplicationSupportsIndirectInputEvents = YES;
				INFOPLIST_KEY_UILaunchStoryboardName = LaunchScreen;
				INFOPLIST_KEY_UISupportedInterfaceOrientations = UIInterfaceOrientationPortrait;
				INFOPLIST_KEY_UISupportedInterfaceOrientations_iPad = "UIInterfaceOrientationLandscapeLeft UIInterfaceOrientationLandscapeRight UIInterfaceOrientationPortrait UIInterfaceOrientationPortraitUpsideDown";
				IPHONEOS_DEPLOYMENT_TARGET = 14.0;
				LD_RUNPATH_SEARCH_PATHS = (
					"$(inherited)",
					"@executable_path/Frameworks",
				);
				MARKETING_VERSION = 1.0;
				PRODUCT_BUNDLE_IDENTIFIER = jhbdsv;
				PRODUCT_NAME = "$(TARGET_NAME)";
				SUPPORTED_PLATFORMS = "iphoneos iphonesimulator";
				SUPPORTS_MACCATALYST = NO;
				SUPPORTS_MAC_DESIGNED_FOR_IPHONE_IPAD = NO;
				SUPPORTS_XR_DESIGNED_FOR_IPHONE_IPAD = NO;
				SWIFT_EMIT_LOC_STRINGS = YES;
				SWIFT_VERSION = 5.0;
				TARGETED_DEVICE_FAMILY = 1;
			};
			name = Release;
		};
/* End XCBuildConfiguration section */

/* Begin XCConfigurationList section */
		D3CC70202CA2999100D747F5 /* Build configuration list for PBXProject "TrustVPN" */ = {
			isa = XCConfigurationList;
			buildConfigurations = (
				D3CC70372CA2999200D747F5 /* Debug */,
				D3CC70382CA2999200D747F5 /* Release */,
			);
			defaultConfigurationIsVisible = 0;
			defaultConfigurationName = Release;
		};
		D3CC70392CA2999200D747F5 /* Build configuration list for PBXNativeTarget "TrustVPN" */ = {
			isa = XCConfigurationList;
			buildConfigurations = (
				D3CC703A2CA2999200D747F5 /* Debug */,
				D3CC703B2CA2999200D747F5 /* Release */,
			);
			defaultConfigurationIsVisible = 0;
			defaultConfigurationName = Release;
		};
/* End XCConfigurationList section */
	};
	rootObject = D3CC701D2CA2999100D747F5 /* Project object */;
}
