// !$*UTF8*$!
{
	archiveVersion = 1;
	classes = {
	};
	objectVersion = 56;
	objects = {

/* Begin PBXBuildFile section */
		CFB29ADB4E8D4D254AAF84B0 /* Pods_TrustVPN.framework in Frameworks */ = {isa = PBXBuildFile; fileRef = AA91688A5D24C9F886790A61 /* Pods_TrustVPN.framework */; };
		D373AA922CA43F0700DF2EC7 /* InfoView.swift in Sources */ = {isa = PBXBuildFile; fileRef = D373AA912CA43F0700DF2EC7 /* InfoView.swift */; };
		D373AA9A2CA456E000DF2EC7 /* DeviceSearchController.swift in Sources */ = {isa = PBXBuildFile; fileRef = D373AA992CA456E000DF2EC7 /* DeviceSearchController.swift */; };
		D373AA9C2CA4570300DF2EC7 /* PasswordSecurityController.swift in Sources */ = {isa = PBXBuildFile; fileRef = D373AA9B2CA4570300DF2EC7 /* PasswordSecurityController.swift */; };
		D373AA9E2CA4571B00DF2EC7 /* OptionsController.swift in Sources */ = {isa = PBXBuildFile; fileRef = D373AA9D2CA4571B00DF2EC7 /* OptionsController.swift */; };
		D373AAA42CA4585D00DF2EC7 /* TabBarController.swift in Sources */ = {isa = PBXBuildFile; fileRef = D373AAA32CA4585D00DF2EC7 /* TabBarController.swift */; };
		D373AAA62CAA97CB00DF2EC7 /* ChooseServerController.swift in Sources */ = {isa = PBXBuildFile; fileRef = D373AAA52CAA97CB00DF2EC7 /* ChooseServerController.swift */; };
		D373AAA82CAAB4D200DF2EC7 /* ServersTableView.swift in Sources */ = {isa = PBXBuildFile; fileRef = D373AAA72CAAB4D200DF2EC7 /* ServersTableView.swift */; };
		D373AAAA2CAACA9C00DF2EC7 /* ServerСell.swift in Sources */ = {isa = PBXBuildFile; fileRef = D373AAA92CAACA9C00DF2EC7 /* ServerСell.swift */; };
		D373AAAC2CABE10300DF2EC7 /* VpnService.swift in Sources */ = {isa = PBXBuildFile; fileRef = D373AAAB2CABE10300DF2EC7 /* VpnService.swift */; };
		D3CC70292CA2999100D747F5 /* AppDelegate.swift in Sources */ = {isa = PBXBuildFile; fileRef = D3CC70282CA2999100D747F5 /* AppDelegate.swift */; };
		D3CC702B2CA2999100D747F5 /* SceneDelegate.swift in Sources */ = {isa = PBXBuildFile; fileRef = D3CC702A2CA2999100D747F5 /* SceneDelegate.swift */; };
		D3CC702D2CA2999100D747F5 /* StartupViewController.swift in Sources */ = {isa = PBXBuildFile; fileRef = D3CC702C2CA2999100D747F5 /* StartupViewController.swift */; };
		D3CC70322CA2999200D747F5 /* Assets.xcassets in Resources */ = {isa = PBXBuildFile; fileRef = D3CC70312CA2999200D747F5 /* Assets.xcassets */; };
		D3CC70352CA2999200D747F5 /* Base in Resources */ = {isa = PBXBuildFile; fileRef = D3CC70342CA2999200D747F5 /* Base */; };
		D3CC703F2CA2A35500D747F5 /* PrivacyInfo.xcprivacy in Resources */ = {isa = PBXBuildFile; fileRef = D3CC703E2CA2A35500D747F5 /* PrivacyInfo.xcprivacy */; };
		D3CC70412CA2A60900D747F5 /* Default.swift in Sources */ = {isa = PBXBuildFile; fileRef = D3CC70402CA2A60900D747F5 /* Default.swift */; };
		D3CC70502CA2A7BB00D747F5 /* Extension + Date.swift in Sources */ = {isa = PBXBuildFile; fileRef = D3CC70442CA2A7BA00D747F5 /* Extension + Date.swift */; };
		D3CC70512CA2A7BB00D747F5 /* Extension + UIView.swift in Sources */ = {isa = PBXBuildFile; fileRef = D3CC70452CA2A7BA00D747F5 /* Extension + UIView.swift */; };
		D3CC70522CA2A7BB00D747F5 /* Extension + UIViewController.swift in Sources */ = {isa = PBXBuildFile; fileRef = D3CC70462CA2A7BA00D747F5 /* Extension + UIViewController.swift */; };
		D3CC70532CA2A7BB00D747F5 /* Extension + UIColor.swift in Sources */ = {isa = PBXBuildFile; fileRef = D3CC70472CA2A7BA00D747F5 /* Extension + UIColor.swift */; };
		D3CC70542CA2A7BB00D747F5 /* Extension + Gradient.swift in Sources */ = {isa = PBXBuildFile; fileRef = D3CC70482CA2A7BA00D747F5 /* Extension + Gradient.swift */; };
		D3CC70552CA2A7BB00D747F5 /* Extension + Int.swift in Sources */ = {isa = PBXBuildFile; fileRef = D3CC70492CA2A7BA00D747F5 /* Extension + Int.swift */; };
		D3CC70562CA2A7BB00D747F5 /* Extension + UIStackView.swift in Sources */ = {isa = PBXBuildFile; fileRef = D3CC704A2CA2A7BA00D747F5 /* Extension + UIStackView.swift */; };
		D3CC70572CA2A7BB00D747F5 /* Extension + UIFont.swift in Sources */ = {isa = PBXBuildFile; fileRef = D3CC704B2CA2A7BA00D747F5 /* Extension + UIFont.swift */; };
		D3CC70582CA2A7BB00D747F5 /* Extension + UITextField.swift in Sources */ = {isa = PBXBuildFile; fileRef = D3CC704C2CA2A7BA00D747F5 /* Extension + UITextField.swift */; };
		D3CC70592CA2A7BB00D747F5 /* Extension + UserDefaults.swift in Sources */ = {isa = PBXBuildFile; fileRef = D3CC704D2CA2A7BA00D747F5 /* Extension + UserDefaults.swift */; };
		D3CC705A2CA2A7BB00D747F5 /* Extension + Image.swift in Sources */ = {isa = PBXBuildFile; fileRef = D3CC704E2CA2A7BA00D747F5 /* Extension + Image.swift */; };
		D3CC705B2CA2A7BB00D747F5 /* Extension + String.swift in Sources */ = {isa = PBXBuildFile; fileRef = D3CC704F2CA2A7BA00D747F5 /* Extension + String.swift */; };
		D3CC705E2CA2ACD900D747F5 /* AppColors.swift in Sources */ = {isa = PBXBuildFile; fileRef = D3CC705D2CA2ACD900D747F5 /* AppColors.swift */; };
		D3CC70612CA2CDFD00D747F5 /* LoadService.swift in Sources */ = {isa = PBXBuildFile; fileRef = D3CC70602CA2CDFD00D747F5 /* LoadService.swift */; };
		D3CC70632CA2CEB300D747F5 /* ConfigureModel.swift in Sources */ = {isa = PBXBuildFile; fileRef = D3CC70622CA2CEB300D747F5 /* ConfigureModel.swift */; };
		D3CC70682CA2E16500D747F5 /* VPNServiceController.swift in Sources */ = {isa = PBXBuildFile; fileRef = D3CC70672CA2E16500D747F5 /* VPNServiceController.swift */; };
		D3CC706A2CA2E5F700D747F5 /* OnboardViewController.swift in Sources */ = {isa = PBXBuildFile; fileRef = D3CC70692CA2E5F700D747F5 /* OnboardViewController.swift */; };
		D3CC706C2CA2F11200D747F5 /* AppText.swift in Sources */ = {isa = PBXBuildFile; fileRef = D3CC706B2CA2F11200D747F5 /* AppText.swift */; };
		D3CC706E2CA2F1F300D747F5 /* TermsOfUseViewController.swift in Sources */ = {isa = PBXBuildFile; fileRef = D3CC706D2CA2F1F300D747F5 /* TermsOfUseViewController.swift */; };
/* End PBXBuildFile section */

/* Begin PBXFileReference section */
		541AB37D113A8A07DA39D10C /* Pods-TrustVPN.release.xcconfig */ = {isa = PBXFileReference; includeInIndex = 1; lastKnownFileType = text.xcconfig; name = "Pods-TrustVPN.release.xcconfig"; path = "Target Support Files/Pods-TrustVPN/Pods-TrustVPN.release.xcconfig"; sourceTree = "<group>"; };
		69950C8AF58D9802E0C784E8 /* Pods-TrustVPN.debug.xcconfig */ = {isa = PBXFileReference; includeInIndex = 1; lastKnownFileType = text.xcconfig; name = "Pods-TrustVPN.debug.xcconfig"; path = "Target Support Files/Pods-TrustVPN/Pods-TrustVPN.debug.xcconfig"; sourceTree = "<group>"; };
		AA91688A5D24C9F886790A61 /* Pods_TrustVPN.framework */ = {isa = PBXFileReference; explicitFileType = wrapper.framework; includeInIndex = 0; path = Pods_TrustVPN.framework; sourceTree = BUILT_PRODUCTS_DIR; };
		D373AA912CA43F0700DF2EC7 /* InfoView.swift */ = {isa = PBXFileReference; lastKnownFileType = sourcecode.swift; path = InfoView.swift; sourceTree = "<group>"; };
		D373AA992CA456E000DF2EC7 /* DeviceSearchController.swift */ = {isa = PBXFileReference; lastKnownFileType = sourcecode.swift; path = DeviceSearchController.swift; sourceTree = "<group>"; };
		D373AA9B2CA4570300DF2EC7 /* PasswordSecurityController.swift */ = {isa = PBXFileReference; lastKnownFileType = sourcecode.swift; path = PasswordSecurityController.swift; sourceTree = "<group>"; };
		D373AA9D2CA4571B00DF2EC7 /* OptionsController.swift */ = {isa = PBXFileReference; lastKnownFileType = sourcecode.swift; path = OptionsController.swift; sourceTree = "<group>"; };
		D373AAA32CA4585D00DF2EC7 /* TabBarController.swift */ = {isa = PBXFileReference; lastKnownFileType = sourcecode.swift; path = TabBarController.swift; sourceTree = "<group>"; };
		D373AAA52CAA97CB00DF2EC7 /* ChooseServerController.swift */ = {isa = PBXFileReference; lastKnownFileType = sourcecode.swift; path = ChooseServerController.swift; sourceTree = "<group>"; };
		D373AAA72CAAB4D200DF2EC7 /* ServersTableView.swift */ = {isa = PBXFileReference; lastKnownFileType = sourcecode.swift; path = ServersTableView.swift; sourceTree = "<group>"; };
		D373AAA92CAACA9C00DF2EC7 /* ServerСell.swift */ = {isa = PBXFileReference; lastKnownFileType = sourcecode.swift; path = "ServerСell.swift"; sourceTree = "<group>"; };
		D373AAAB2CABE10300DF2EC7 /* VpnService.swift */ = {isa = PBXFileReference; lastKnownFileType = sourcecode.swift; path = VpnService.swift; sourceTree = "<group>"; };
		D3CC70252CA2999100D747F5 /* TrustVPN.app */ = {isa = PBXFileReference; explicitFileType = wrapper.application; includeInIndex = 0; path = TrustVPN.app; sourceTree = BUILT_PRODUCTS_DIR; };
		D3CC70282CA2999100D747F5 /* AppDelegate.swift */ = {isa = PBXFileReference; lastKnownFileType = sourcecode.swift; path = AppDelegate.swift; sourceTree = "<group>"; };
		D3CC702A2CA2999100D747F5 /* SceneDelegate.swift */ = {isa = PBXFileReference; lastKnownFileType = sourcecode.swift; path = SceneDelegate.swift; sourceTree = "<group>"; };
		D3CC702C2CA2999100D747F5 /* StartupViewController.swift */ = {isa = PBXFileReference; lastKnownFileType = sourcecode.swift; path = StartupViewController.swift; sourceTree = "<group>"; };
		D3CC70312CA2999200D747F5 /* Assets.xcassets */ = {isa = PBXFileReference; lastKnownFileType = folder.assetcatalog; path = Assets.xcassets; sourceTree = "<group>"; };
		D3CC70342CA2999200D747F5 /* Base */ = {isa = PBXFileReference; lastKnownFileType = file.storyboard; name = Base; path = Base.lproj/LaunchScreen.storyboard; sourceTree = "<group>"; };
		D3CC70362CA2999200D747F5 /* Info.plist */ = {isa = PBXFileReference; lastKnownFileType = text.plist.xml; path = Info.plist; sourceTree = "<group>"; };
		D3CC703E2CA2A35500D747F5 /* PrivacyInfo.xcprivacy */ = {isa = PBXFileReference; fileEncoding = 4; lastKnownFileType = text.xml; path = PrivacyInfo.xcprivacy; sourceTree = "<group>"; };
		D3CC70402CA2A60900D747F5 /* Default.swift */ = {isa = PBXFileReference; lastKnownFileType = sourcecode.swift; path = Default.swift; sourceTree = "<group>"; };
		D3CC70442CA2A7BA00D747F5 /* Extension + Date.swift */ = {isa = PBXFileReference; fileEncoding = 4; lastKnownFileType = sourcecode.swift; path = "Extension + Date.swift"; sourceTree = "<group>"; };
		D3CC70452CA2A7BA00D747F5 /* Extension + UIView.swift */ = {isa = PBXFileReference; fileEncoding = 4; lastKnownFileType = sourcecode.swift; path = "Extension + UIView.swift"; sourceTree = "<group>"; };
		D3CC70462CA2A7BA00D747F5 /* Extension + UIViewController.swift */ = {isa = PBXFileReference; fileEncoding = 4; lastKnownFileType = sourcecode.swift; path = "Extension + UIViewController.swift"; sourceTree = "<group>"; };
		D3CC70472CA2A7BA00D747F5 /* Extension + UIColor.swift */ = {isa = PBXFileReference; fileEncoding = 4; lastKnownFileType = sourcecode.swift; path = "Extension + UIColor.swift"; sourceTree = "<group>"; };
		D3CC70482CA2A7BA00D747F5 /* Extension + Gradient.swift */ = {isa = PBXFileReference; fileEncoding = 4; lastKnownFileType = sourcecode.swift; path = "Extension + Gradient.swift"; sourceTree = "<group>"; };
		D3CC70492CA2A7BA00D747F5 /* Extension + Int.swift */ = {isa = PBXFileReference; fileEncoding = 4; lastKnownFileType = sourcecode.swift; path = "Extension + Int.swift"; sourceTree = "<group>"; };
		D3CC704A2CA2A7BA00D747F5 /* Extension + UIStackView.swift */ = {isa = PBXFileReference; fileEncoding = 4; lastKnownFileType = sourcecode.swift; path = "Extension + UIStackView.swift"; sourceTree = "<group>"; };
		D3CC704B2CA2A7BA00D747F5 /* Extension + UIFont.swift */ = {isa = PBXFileReference; fileEncoding = 4; lastKnownFileType = sourcecode.swift; path = "Extension + UIFont.swift"; sourceTree = "<group>"; };
		D3CC704C2CA2A7BA00D747F5 /* Extension + UITextField.swift */ = {isa = PBXFileReference; fileEncoding = 4; lastKnownFileType = sourcecode.swift; path = "Extension + UITextField.swift"; sourceTree = "<group>"; };
		D3CC704D2CA2A7BA00D747F5 /* Extension + UserDefaults.swift */ = {isa = PBXFileReference; fileEncoding = 4; lastKnownFileType = sourcecode.swift; path = "Extension + UserDefaults.swift"; sourceTree = "<group>"; };
		D3CC704E2CA2A7BA00D747F5 /* Extension + Image.swift */ = {isa = PBXFileReference; fileEncoding = 4; lastKnownFileType = sourcecode.swift; path = "Extension + Image.swift"; sourceTree = "<group>"; };
		D3CC704F2CA2A7BA00D747F5 /* Extension + String.swift */ = {isa = PBXFileReference; fileEncoding = 4; lastKnownFileType = sourcecode.swift; path = "Extension + String.swift"; sourceTree = "<group>"; };
		D3CC705D2CA2ACD900D747F5 /* AppColors.swift */ = {isa = PBXFileReference; lastKnownFileType = sourcecode.swift; path = AppColors.swift; sourceTree = "<group>"; };
		D3CC70602CA2CDFD00D747F5 /* LoadService.swift */ = {isa = PBXFileReference; lastKnownFileType = sourcecode.swift; path = LoadService.swift; sourceTree = "<group>"; };
		D3CC70622CA2CEB300D747F5 /* ConfigureModel.swift */ = {isa = PBXFileReference; lastKnownFileType = sourcecode.swift; path = ConfigureModel.swift; sourceTree = "<group>"; };
		D3CC70672CA2E16500D747F5 /* VPNServiceController.swift */ = {isa = PBXFileReference; lastKnownFileType = sourcecode.swift; path = VPNServiceController.swift; sourceTree = "<group>"; };
		D3CC70692CA2E5F700D747F5 /* OnboardViewController.swift */ = {isa = PBXFileReference; lastKnownFileType = sourcecode.swift; path = OnboardViewController.swift; sourceTree = "<group>"; };
		D3CC706B2CA2F11200D747F5 /* AppText.swift */ = {isa = PBXFileReference; lastKnownFileType = sourcecode.swift; path = AppText.swift; sourceTree = "<group>"; };
		D3CC706D2CA2F1F300D747F5 /* TermsOfUseViewController.swift */ = {isa = PBXFileReference; lastKnownFileType = sourcecode.swift; path = TermsOfUseViewController.swift; sourceTree = "<group>"; };
/* End PBXFileReference section */

/* Begin PBXFrameworksBuildPhase section */
		D3CC70222CA2999100D747F5 /* Frameworks */ = {
			isa = PBXFrameworksBuildPhase;
			buildActionMask = 2147483647;
			files = (
				CFB29ADB4E8D4D254AAF84B0 /* Pods_TrustVPN.framework in Frameworks */,
			);
			runOnlyForDeploymentPostprocessing = 0;
		};
/* End PBXFrameworksBuildPhase section */

/* Begin PBXGroup section */
		2626E6B8632A5C3103A459A7 /* Frameworks */ = {
			isa = PBXGroup;
			children = (
				AA91688A5D24C9F886790A61 /* Pods_TrustVPN.framework */,
			);
			name = Frameworks;
			sourceTree = "<group>";
		};
		5118AEA919A96F65DB7B33C0 /* Pods */ = {
			isa = PBXGroup;
			children = (
				69950C8AF58D9802E0C784E8 /* Pods-TrustVPN.debug.xcconfig */,
				541AB37D113A8A07DA39D10C /* Pods-TrustVPN.release.xcconfig */,
			);
			path = Pods;
			sourceTree = "<group>";
		};
		D373AA902CA43ED600DF2EC7 /* Onboard */ = {
			isa = PBXGroup;
			children = (
				D3CC70692CA2E5F700D747F5 /* OnboardViewController.swift */,
				D373AA932CA43F0C00DF2EC7 /* Views */,
			);
			path = Onboard;
			sourceTree = "<group>";
		};
		D373AA932CA43F0C00DF2EC7 /* Views */ = {
			isa = PBXGroup;
			children = (
				D373AA912CA43F0700DF2EC7 /* InfoView.swift */,
			);
			path = Views;
			sourceTree = "<group>";
		};
		D373AA962CA4549000DF2EC7 /* Launch */ = {
			isa = PBXGroup;
			children = (
				D3CC702C2CA2999100D747F5 /* StartupViewController.swift */,
			);
			path = Launch;
			sourceTree = "<group>";
		};
		D373AA972CA454A500DF2EC7 /* Terms */ = {
			isa = PBXGroup;
			children = (
				D3CC706D2CA2F1F300D747F5 /* TermsOfUseViewController.swift */,
			);
			path = Terms;
			sourceTree = "<group>";
		};
		D373AA982CA4561A00DF2EC7 /* TabBar */ = {
			isa = PBXGroup;
			children = (
				D373AA9F2CA4572700DF2EC7 /* VPNService */,
				D373AAA02CA4573200DF2EC7 /* DeviceSearch */,
				D373AAA12CA4573D00DF2EC7 /* PasswordSecurity */,
				D373AAA22CA4574700DF2EC7 /* Options */,
				D373AAA32CA4585D00DF2EC7 /* TabBarController.swift */,
			);
			path = TabBar;
			sourceTree = "<group>";
		};
		D373AA9F2CA4572700DF2EC7 /* VPNService */ = {
			isa = PBXGroup;
			children = (
				D3CC70672CA2E16500D747F5 /* VPNServiceController.swift */,
				D373AAA52CAA97CB00DF2EC7 /* ChooseServerController.swift */,
				D373AAA72CAAB4D200DF2EC7 /* ServersTableView.swift */,
				D373AAA92CAACA9C00DF2EC7 /* ServerСell.swift */,
			);
			path = VPNService;
			sourceTree = "<group>";
		};
		D373AAA02CA4573200DF2EC7 /* DeviceSearch */ = {
			isa = PBXGroup;
			children = (
				D373AA992CA456E000DF2EC7 /* DeviceSearchController.swift */,
			);
			path = DeviceSearch;
			sourceTree = "<group>";
		};
		D373AAA12CA4573D00DF2EC7 /* PasswordSecurity */ = {
			isa = PBXGroup;
			children = (
				D373AA9B2CA4570300DF2EC7 /* PasswordSecurityController.swift */,
			);
			path = PasswordSecurity;
			sourceTree = "<group>";
		};
		D373AAA22CA4574700DF2EC7 /* Options */ = {
			isa = PBXGroup;
			children = (
				D373AA9D2CA4571B00DF2EC7 /* OptionsController.swift */,
			);
			path = Options;
			sourceTree = "<group>";
		};
		D3CC701C2CA2999100D747F5 = {
			isa = PBXGroup;
			children = (
				D3CC70272CA2999100D747F5 /* TrustVPN */,
				D3CC70262CA2999100D747F5 /* Products */,
				5118AEA919A96F65DB7B33C0 /* Pods */,
				2626E6B8632A5C3103A459A7 /* Frameworks */,
			);
			sourceTree = "<group>";
		};
		D3CC70262CA2999100D747F5 /* Products */ = {
			isa = PBXGroup;
			children = (
				D3CC70252CA2999100D747F5 /* TrustVPN.app */,
			);
			name = Products;
			sourceTree = "<group>";
		};
		D3CC70272CA2999100D747F5 /* TrustVPN */ = {
			isa = PBXGroup;
			children = (
				D3CC705F2CA2CDB900D747F5 /* Modules */,
				D3CC705C2CA2A7C300D747F5 /* Extensions */,
				D3CC703C2CA29D3A00D747F5 /* Application */,
				D3CC703D2CA29D5200D747F5 /* Resource */,
				D3CC70402CA2A60900D747F5 /* Default.swift */,
				D3CC70602CA2CDFD00D747F5 /* LoadService.swift */,
				D373AAAB2CABE10300DF2EC7 /* VpnService.swift */,
				D3CC70622CA2CEB300D747F5 /* ConfigureModel.swift */,
			);
			path = TrustVPN;
			sourceTree = "<group>";
		};
		D3CC703C2CA29D3A00D747F5 /* Application */ = {
			isa = PBXGroup;
			children = (
				D3CC70282CA2999100D747F5 /* AppDelegate.swift */,
				D3CC702A2CA2999100D747F5 /* SceneDelegate.swift */,
				D3CC70362CA2999200D747F5 /* Info.plist */,
				D3CC703E2CA2A35500D747F5 /* PrivacyInfo.xcprivacy */,
			);
			path = Application;
			sourceTree = "<group>";
		};
		D3CC703D2CA29D5200D747F5 /* Resource */ = {
			isa = PBXGroup;
			children = (
				D3CC70312CA2999200D747F5 /* Assets.xcassets */,
				D3CC70332CA2999200D747F5 /* LaunchScreen.storyboard */,
				D3CC705D2CA2ACD900D747F5 /* AppColors.swift */,
				D3CC706B2CA2F11200D747F5 /* AppText.swift */,
			);
			path = Resource;
			sourceTree = "<group>";
		};
		D3CC705C2CA2A7C300D747F5 /* Extensions */ = {
			isa = PBXGroup;
			children = (
				D3CC70442CA2A7BA00D747F5 /* Extension + Date.swift */,
				D3CC70482CA2A7BA00D747F5 /* Extension + Gradient.swift */,
				D3CC704E2CA2A7BA00D747F5 /* Extension + Image.swift */,
				D3CC70492CA2A7BA00D747F5 /* Extension + Int.swift */,
				D3CC704F2CA2A7BA00D747F5 /* Extension + String.swift */,
				D3CC70472CA2A7BA00D747F5 /* Extension + UIColor.swift */,
				D3CC704B2CA2A7BA00D747F5 /* Extension + UIFont.swift */,
				D3CC704A2CA2A7BA00D747F5 /* Extension + UIStackView.swift */,
				D3CC704C2CA2A7BA00D747F5 /* Extension + UITextField.swift */,
				D3CC70452CA2A7BA00D747F5 /* Extension + UIView.swift */,
				D3CC70462CA2A7BA00D747F5 /* Extension + UIViewController.swift */,
				D3CC704D2CA2A7BA00D747F5 /* Extension + UserDefaults.swift */,
			);
			path = Extensions;
			sourceTree = "<group>";
		};
		D3CC705F2CA2CDB900D747F5 /* Modules */ = {
			isa = PBXGroup;
			children = (
				D373AA962CA4549000DF2EC7 /* Launch */,
				D373AA972CA454A500DF2EC7 /* Terms */,
				D373AA902CA43ED600DF2EC7 /* Onboard */,
				D373AA982CA4561A00DF2EC7 /* TabBar */,
			);
			path = Modules;
			sourceTree = "<group>";
		};
/* End PBXGroup section */

/* Begin PBXNativeTarget section */
		D3CC70242CA2999100D747F5 /* TrustVPN */ = {
			isa = PBXNativeTarget;
			buildConfigurationList = D3CC70392CA2999200D747F5 /* Build configuration list for PBXNativeTarget "TrustVPN" */;
			buildPhases = (
				1629DE8023D295C9738D5DA9 /* [CP] Check Pods Manifest.lock */,
				D3CC70212CA2999100D747F5 /* Sources */,
				D3CC70222CA2999100D747F5 /* Frameworks */,
				D3CC70232CA2999100D747F5 /* Resources */,
				DBAE27C2B9216BA419D1FD04 /* [CP] Embed Pods Frameworks */,
			);
			buildRules = (
			);
			dependencies = (
			);
			name = TrustVPN;
			productName = TrustVPN;
			productReference = D3CC70252CA2999100D747F5 /* TrustVPN.app */;
			productType = "com.apple.product-type.application";
		};
/* End PBXNativeTarget section */

/* Begin PBXProject section */
		D3CC701D2CA2999100D747F5 /* Project object */ = {
			isa = PBXProject;
			attributes = {
				BuildIndependentTargetsInParallel = 1;
				LastSwiftUpdateCheck = 1540;
				LastUpgradeCheck = 1540;
				TargetAttributes = {
					D3CC70242CA2999100D747F5 = {
						CreatedOnToolsVersion = 15.4;
					};
				};
			};
			buildConfigurationList = D3CC70202CA2999100D747F5 /* Build configuration list for PBXProject "TrustVPN" */;
			compatibilityVersion = "Xcode 14.0";
			developmentRegion = en;
			hasScannedForEncodings = 0;
			knownRegions = (
				en,
				Base,
			);
			mainGroup = D3CC701C2CA2999100D747F5;
			productRefGroup = D3CC70262CA2999100D747F5 /* Products */;
			projectDirPath = "";
			projectRoot = "";
			targets = (
				D3CC70242CA2999100D747F5 /* TrustVPN */,
			);
		};
/* End PBXProject section */

/* Begin PBXResourcesBuildPhase section */
		D3CC70232CA2999100D747F5 /* Resources */ = {
			isa = PBXResourcesBuildPhase;
			buildActionMask = 2147483647;
			files = (
				D3CC703F2CA2A35500D747F5 /* PrivacyInfo.xcprivacy in Resources */,
				D3CC70322CA2999200D747F5 /* Assets.xcassets in Resources */,
				D3CC70352CA2999200D747F5 /* Base in Resources */,
			);
			runOnlyForDeploymentPostprocessing = 0;
		};
/* End PBXResourcesBuildPhase section */

/* Begin PBXShellScriptBuildPhase section */
		1629DE8023D295C9738D5DA9 /* [CP] Check Pods Manifest.lock */ = {
			isa = PBXShellScriptBuildPhase;
			buildActionMask = 2147483647;
			files = (
			);
			inputFileListPaths = (
			);
			inputPaths = (
				"${PODS_PODFILE_DIR_PATH}/Podfile.lock",
				"${PODS_ROOT}/Manifest.lock",
			);
			name = "[CP] Check Pods Manifest.lock";
			outputFileListPaths = (
			);
			outputPaths = (
				"$(DERIVED_FILE_DIR)/Pods-TrustVPN-checkManifestLockResult.txt",
			);
			runOnlyForDeploymentPostprocessing = 0;
			shellPath = /bin/sh;
			shellScript = "diff \"${PODS_PODFILE_DIR_PATH}/Podfile.lock\" \"${PODS_ROOT}/Manifest.lock\" > /dev/null\nif [ $? != 0 ] ; then\n    # print error to STDERR\n    echo \"error: The sandbox is not in sync with the Podfile.lock. Run 'pod install' or update your CocoaPods installation.\" >&2\n    exit 1\nfi\n# This output is used by Xcode 'outputs' to avoid re-running this script phase.\necho \"SUCCESS\" > \"${SCRIPT_OUTPUT_FILE_0}\"\n";
			showEnvVarsInLog = 0;
		};
		DBAE27C2B9216BA419D1FD04 /* [CP] Embed Pods Frameworks */ = {
			isa = PBXShellScriptBuildPhase;
			buildActionMask = 2147483647;
			files = (
			);
			inputFileListPaths = (
				"${PODS_ROOT}/Target Support Files/Pods-TrustVPN/Pods-TrustVPN-frameworks-${CONFIGURATION}-input-files.xcfilelist",
			);
			name = "[CP] Embed Pods Frameworks";
			outputFileListPaths = (
				"${PODS_ROOT}/Target Support Files/Pods-TrustVPN/Pods-TrustVPN-frameworks-${CONFIGURATION}-output-files.xcfilelist",
			);
			runOnlyForDeploymentPostprocessing = 0;
			shellPath = /bin/sh;
			shellScript = "\"${PODS_ROOT}/Target Support Files/Pods-TrustVPN/Pods-TrustVPN-frameworks.sh\"\n";
			showEnvVarsInLog = 0;
		};
/* End PBXShellScriptBuildPhase section */

/* Begin PBXSourcesBuildPhase section */
		D3CC70212CA2999100D747F5 /* Sources */ = {
			isa = PBXSourcesBuildPhase;
			buildActionMask = 2147483647;
			files = (
				D3CC70592CA2A7BB00D747F5 /* Extension + UserDefaults.swift in Sources */,
				D3CC70612CA2CDFD00D747F5 /* LoadService.swift in Sources */,
				D3CC706E2CA2F1F300D747F5 /* TermsOfUseViewController.swift in Sources */,
				D373AAA42CA4585D00DF2EC7 /* TabBarController.swift in Sources */,
				D3CC70572CA2A7BB00D747F5 /* Extension + UIFont.swift in Sources */,
				D3CC705B2CA2A7BB00D747F5 /* Extension + String.swift in Sources */,
				D3CC706C2CA2F11200D747F5 /* AppText.swift in Sources */,
				D3CC705E2CA2ACD900D747F5 /* AppColors.swift in Sources */,
				D3CC70502CA2A7BB00D747F5 /* Extension + Date.swift in Sources */,
				D373AAA62CAA97CB00DF2EC7 /* ChooseServerController.swift in Sources */,
				D3CC70532CA2A7BB00D747F5 /* Extension + UIColor.swift in Sources */,
				D3CC706A2CA2E5F700D747F5 /* OnboardViewController.swift in Sources */,
				D373AAAA2CAACA9C00DF2EC7 /* ServerСell.swift in Sources */,
				D373AA9C2CA4570300DF2EC7 /* PasswordSecurityController.swift in Sources */,
				D3CC705A2CA2A7BB00D747F5 /* Extension + Image.swift in Sources */,
				D3CC70522CA2A7BB00D747F5 /* Extension + UIViewController.swift in Sources */,
				D373AAAC2CABE10300DF2EC7 /* VpnService.swift in Sources */,
				D3CC70552CA2A7BB00D747F5 /* Extension + Int.swift in Sources */,
				D373AAA82CAAB4D200DF2EC7 /* ServersTableView.swift in Sources */,
				D3CC702D2CA2999100D747F5 /* StartupViewController.swift in Sources */,
				D3CC70512CA2A7BB00D747F5 /* Extension + UIView.swift in Sources */,
				D3CC70292CA2999100D747F5 /* AppDelegate.swift in Sources */,
				D373AA922CA43F0700DF2EC7 /* InfoView.swift in Sources */,
				D3CC70682CA2E16500D747F5 /* VPNServiceController.swift in Sources */,
				D373AA9E2CA4571B00DF2EC7 /* OptionsController.swift in Sources */,
				D3CC70412CA2A60900D747F5 /* Default.swift in Sources */,
				D3CC70632CA2CEB300D747F5 /* ConfigureModel.swift in Sources */,
				D3CC702B2CA2999100D747F5 /* SceneDelegate.swift in Sources */,
				D373AA9A2CA456E000DF2EC7 /* DeviceSearchController.swift in Sources */,
				D3CC70562CA2A7BB00D747F5 /* Extension + UIStackView.swift in Sources */,
				D3CC70582CA2A7BB00D747F5 /* Extension + UITextField.swift in Sources */,
				D3CC70542CA2A7BB00D747F5 /* Extension + Gradient.swift in Sources */,
			);
			runOnlyForDeploymentPostprocessing = 0;
		};
/* End PBXSourcesBuildPhase section */

/* Begin PBXVariantGroup section */
		D3CC70332CA2999200D747F5 /* LaunchScreen.storyboard */ = {
			isa = PBXVariantGroup;
			children = (
				D3CC70342CA2999200D747F5 /* Base */,
			);
			name = LaunchScreen.storyboard;
			sourceTree = "<group>";
		};
/* End PBXVariantGroup section */

/* Begin XCBuildConfiguration section */
		D3CC70372CA2999200D747F5 /* Debug */ = {
			isa = XCBuildConfiguration;
			buildSettings = {
				ALWAYS_SEARCH_USER_PATHS = NO;
				ASSETCATALOG_COMPILER_GENERATE_SWIFT_ASSET_SYMBOL_EXTENSIONS = YES;
				CLANG_ANALYZER_NONNULL = YES;
				CLANG_ANALYZER_NUMBER_OBJECT_CONVERSION = YES_AGGRESSIVE;
				CLANG_CXX_LANGUAGE_STANDARD = "gnu++20";
				CLANG_ENABLE_MODULES = YES;
				CLANG_ENABLE_OBJC_ARC = YES;
				CLANG_ENABLE_OBJC_WEAK = YES;
				CLANG_WARN_BLOCK_CAPTURE_AUTORELEASING = YES;
				CLANG_WARN_BOOL_CONVERSION = YES;
				CLANG_WARN_COMMA = YES;
				CLANG_WARN_CONSTANT_CONVERSION = YES;
				CLANG_WARN_DEPRECATED_OBJC_IMPLEMENTATIONS = YES;
				CLANG_WARN_DIRECT_OBJC_ISA_USAGE = YES_ERROR;
				CLANG_WARN_DOCUMENTATION_COMMENTS = YES;
				CLANG_WARN_EMPTY_BODY = YES;
				CLANG_WARN_ENUM_CONVERSION = YES;
				CLANG_WARN_INFINITE_RECURSION = YES;
				CLANG_WARN_INT_CONVERSION = YES;
				CLANG_WARN_NON_LITERAL_NULL_CONVERSION = YES;
				CLANG_WARN_OBJC_IMPLICIT_RETAIN_SELF = YES;
				CLANG_WARN_OBJC_LITERAL_CONVERSION = YES;
				CLANG_WARN_OBJC_ROOT_CLASS = YES_ERROR;
				CLANG_WARN_QUOTED_INCLUDE_IN_FRAMEWORK_HEADER = YES;
				CLANG_WARN_RANGE_LOOP_ANALYSIS = YES;
				CLANG_WARN_STRICT_PROTOTYPES = YES;
				CLANG_WARN_SUSPICIOUS_MOVE = YES;
				CLANG_WARN_UNGUARDED_AVAILABILITY = YES_AGGRESSIVE;
				CLANG_WARN_UNREACHABLE_CODE = YES;
				CLANG_WARN__DUPLICATE_METHOD_MATCH = YES;
				COPY_PHASE_STRIP = NO;
				DEBUG_INFORMATION_FORMAT = dwarf;
				ENABLE_STRICT_OBJC_MSGSEND = YES;
				ENABLE_TESTABILITY = YES;
				ENABLE_USER_SCRIPT_SANDBOXING = NO;
				GCC_C_LANGUAGE_STANDARD = gnu17;
				GCC_DYNAMIC_NO_PIC = NO;
				GCC_NO_COMMON_BLOCKS = YES;
				GCC_OPTIMIZATION_LEVEL = 0;
				GCC_PREPROCESSOR_DEFINITIONS = (
					"DEBUG=1",
					"$(inherited)",
				);
				GCC_WARN_64_TO_32_BIT_CONVERSION = YES;
				GCC_WARN_ABOUT_RETURN_TYPE = YES_ERROR;
				GCC_WARN_UNDECLARED_SELECTOR = YES;
				GCC_WARN_UNINITIALIZED_AUTOS = YES_AGGRESSIVE;
				GCC_WARN_UNUSED_FUNCTION = YES;
				GCC_WARN_UNUSED_VARIABLE = YES;
				IPHONEOS_DEPLOYMENT_TARGET = 17.4;
				LOCALIZATION_PREFERS_STRING_CATALOGS = YES;
				MTL_ENABLE_DEBUG_INFO = INCLUDE_SOURCE;
				MTL_FAST_MATH = YES;
				ONLY_ACTIVE_ARCH = YES;
				SDKROOT = iphoneos;
				SWIFT_ACTIVE_COMPILATION_CONDITIONS = "DEBUG $(inherited)";
				SWIFT_OPTIMIZATION_LEVEL = "-Onone";
			};
			name = Debug;
		};
		D3CC70382CA2999200D747F5 /* Release */ = {
			isa = XCBuildConfiguration;
			buildSettings = {
				ALWAYS_SEARCH_USER_PATHS = NO;
				ASSETCATALOG_COMPILER_GENERATE_SWIFT_ASSET_SYMBOL_EXTENSIONS = YES;
				CLANG_ANALYZER_NONNULL = YES;
				CLANG_ANALYZER_NUMBER_OBJECT_CONVERSION = YES_AGGRESSIVE;
				CLANG_CXX_LANGUAGE_STANDARD = "gnu++20";
				CLANG_ENABLE_MODULES = YES;
				CLANG_ENABLE_OBJC_ARC = YES;
				CLANG_ENABLE_OBJC_WEAK = YES;
				CLANG_WARN_BLOCK_CAPTURE_AUTORELEASING = YES;
				CLANG_WARN_BOOL_CONVERSION = YES;
				CLANG_WARN_COMMA = YES;
				CLANG_WARN_CONSTANT_CONVERSION = YES;
				CLANG_WARN_DEPRECATED_OBJC_IMPLEMENTATIONS = YES;
				CLANG_WARN_DIRECT_OBJC_ISA_USAGE = YES_ERROR;
				CLANG_WARN_DOCUMENTATION_COMMENTS = YES;
				CLANG_WARN_EMPTY_BODY = YES;
				CLANG_WARN_ENUM_CONVERSION = YES;
				CLANG_WARN_INFINITE_RECURSION = YES;
				CLANG_WARN_INT_CONVERSION = YES;
				CLANG_WARN_NON_LITERAL_NULL_CONVERSION = YES;
				CLANG_WARN_OBJC_IMPLICIT_RETAIN_SELF = YES;
				CLANG_WARN_OBJC_LITERAL_CONVERSION = YES;
				CLANG_WARN_OBJC_ROOT_CLASS = YES_ERROR;
				CLANG_WARN_QUOTED_INCLUDE_IN_FRAMEWORK_HEADER = YES;
				CLANG_WARN_RANGE_LOOP_ANALYSIS = YES;
				CLANG_WARN_STRICT_PROTOTYPES = YES;
				CLANG_WARN_SUSPICIOUS_MOVE = YES;
				CLANG_WARN_UNGUARDED_AVAILABILITY = YES_AGGRESSIVE;
				CLANG_WARN_UNREACHABLE_CODE = YES;
				CLANG_WARN__DUPLICATE_METHOD_MATCH = YES;
				COPY_PHASE_STRIP = NO;
				DEBUG_INFORMATION_FORMAT = "dwarf-with-dsym";
				ENABLE_NS_ASSERTIONS = NO;
				ENABLE_STRICT_OBJC_MSGSEND = YES;
				ENABLE_USER_SCRIPT_SANDBOXING = NO;
				GCC_C_LANGUAGE_STANDARD = gnu17;
				GCC_NO_COMMON_BLOCKS = YES;
				GCC_WARN_64_TO_32_BIT_CONVERSION = YES;
				GCC_WARN_ABOUT_RETURN_TYPE = YES_ERROR;
				GCC_WARN_UNDECLARED_SELECTOR = YES;
				GCC_WARN_UNINITIALIZED_AUTOS = YES_AGGRESSIVE;
				GCC_WARN_UNUSED_FUNCTION = YES;
				GCC_WARN_UNUSED_VARIABLE = YES;
				IPHONEOS_DEPLOYMENT_TARGET = 17.4;
				LOCALIZATION_PREFERS_STRING_CATALOGS = YES;
				MTL_ENABLE_DEBUG_INFO = NO;
				MTL_FAST_MATH = YES;
				SDKROOT = iphoneos;
				SWIFT_COMPILATION_MODE = wholemodule;
				VALIDATE_PRODUCT = YES;
			};
			name = Release;
		};
		D3CC703A2CA2999200D747F5 /* Debug */ = {
			isa = XCBuildConfiguration;
			baseConfigurationReference = 69950C8AF58D9802E0C784E8 /* Pods-TrustVPN.debug.xcconfig */;
			buildSettings = {
				ASSETCATALOG_COMPILER_APPICON_NAME = AppIcon;
				ASSETCATALOG_COMPILER_GLOBAL_ACCENT_COLOR_NAME = AccentColor;
				CODE_SIGN_STYLE = Automatic;
				CURRENT_PROJECT_VERSION = 1;
				GENERATE_INFOPLIST_FILE = YES;
				INFOPLIST_FILE = TrustVPN/Application/Info.plist;
				INFOPLIST_KEY_UIApplicationSupportsIndirectInputEvents = YES;
				INFOPLIST_KEY_UILaunchStoryboardName = LaunchScreen;
				INFOPLIST_KEY_UISupportedInterfaceOrientations = UIInterfaceOrientationPortrait;
				INFOPLIST_KEY_UISupportedInterfaceOrientations_iPad = "UIInterfaceOrientationLandscapeLeft UIInterfaceOrientationLandscapeRight UIInterfaceOrientationPortrait UIInterfaceOrientationPortraitUpsideDown";
				IPHONEOS_DEPLOYMENT_TARGET = 14.0;
				LD_RUNPATH_SEARCH_PATHS = (
					"$(inherited)",
					"@executable_path/Frameworks",
				);
				MARKETING_VERSION = 1.0;
				PRODUCT_BUNDLE_IDENTIFIER = jhbdsv;
				PRODUCT_NAME = "$(TARGET_NAME)";
				SUPPORTED_PLATFORMS = "iphoneos iphonesimulator";
				SUPPORTS_MACCATALYST = NO;
				SUPPORTS_MAC_DESIGNED_FOR_IPHONE_IPAD = NO;
				SUPPORTS_XR_DESIGNED_FOR_IPHONE_IPAD = NO;
				SWIFT_EMIT_LOC_STRINGS = YES;
				SWIFT_VERSION = 5.0;
				TARGETED_DEVICE_FAMILY = 1;
			};
			name = Debug;
		};
		D3CC703B2CA2999200D747F5 /* Release */ = {
			isa = XCBuildConfiguration;
			baseConfigurationReference = 541AB37D113A8A07DA39D10C /* Pods-TrustVPN.release.xcconfig */;
			buildSettings = {
				ASSETCATALOG_COMPILER_APPICON_NAME = AppIcon;
				ASSETCATALOG_COMPILER_GLOBAL_ACCENT_COLOR_NAME = AccentColor;
				CODE_SIGN_STYLE = Automatic;
				CURRENT_PROJECT_VERSION = 1;
				GENERATE_INFOPLIST_FILE = YES;
				INFOPLIST_FILE = TrustVPN/Application/Info.plist;
				INFOPLIST_KEY_UIApplicationSupportsIndirectInputEvents = YES;
				INFOPLIST_KEY_UILaunchStoryboardName = LaunchScreen;
				INFOPLIST_KEY_UISupportedInterfaceOrientations = UIInterfaceOrientationPortrait;
				INFOPLIST_KEY_UISupportedInterfaceOrientations_iPad = "UIInterfaceOrientationLandscapeLeft UIInterfaceOrientationLandscapeRight UIInterfaceOrientationPortrait UIInterfaceOrientationPortraitUpsideDown";
				IPHONEOS_DEPLOYMENT_TARGET = 14.0;
				LD_RUNPATH_SEARCH_PATHS = (
					"$(inherited)",
					"@executable_path/Frameworks",
				);
				MARKETING_VERSION = 1.0;
				PRODUCT_BUNDLE_IDENTIFIER = jhbdsv;
				PRODUCT_NAME = "$(TARGET_NAME)";
				SUPPORTED_PLATFORMS = "iphoneos iphonesimulator";
				SUPPORTS_MACCATALYST = NO;
				SUPPORTS_MAC_DESIGNED_FOR_IPHONE_IPAD = NO;
				SUPPORTS_XR_DESIGNED_FOR_IPHONE_IPAD = NO;
				SWIFT_EMIT_LOC_STRINGS = YES;
				SWIFT_VERSION = 5.0;
				TARGETED_DEVICE_FAMILY = 1;
			};
			name = Release;
		};
/* End XCBuildConfiguration section */

/* Begin XCConfigurationList section */
		D3CC70202CA2999100D747F5 /* Build configuration list for PBXProject "TrustVPN" */ = {
			isa = XCConfigurationList;
			buildConfigurations = (
				D3CC70372CA2999200D747F5 /* Debug */,
				D3CC70382CA2999200D747F5 /* Release */,
			);
			defaultConfigurationIsVisible = 0;
			defaultConfigurationName = Release;
		};
		D3CC70392CA2999200D747F5 /* Build configuration list for PBXNativeTarget "TrustVPN" */ = {
			isa = XCConfigurationList;
			buildConfigurations = (
				D3CC703A2CA2999200D747F5 /* Debug */,
				D3CC703B2CA2999200D747F5 /* Release */,
			);
			defaultConfigurationIsVisible = 0;
			defaultConfigurationName = Release;
		};
/* End XCConfigurationList section */
	};
	rootObject = D3CC701D2CA2999100D747F5 /* Project object */;
}
