PODS:
  - AVVPNService (0.1.4)
  - MMLanScan (3.0.0)
  - ReachabilitySwift (5.2.3)
  - SnapKit (5.7.1)

DEPENDENCIES:
  - AVVPNService
  - MMLanScan
  - ReachabilitySwift
  - SnapKit

SPEC REPOS:
  trunk:
    - AVVPNService
    - MMLanScan
    - ReachabilitySwift
    - SnapKit

SPEC CHECKSUMS:
  AVVPNService: 13158abf0f522a59c847da07194bdc50eac93906
  MMLanScan: 86a0f77edbf163be30c1f58321469c7c8ce4c50e
  ReachabilitySwift: 7f151ff156cea1481a8411701195ac6a984f4979
  SnapKit: d612e99e678a2d3b95bf60b0705ed0a35c03484a

PODFILE CHECKSUM: 557171df06c6016a467a8b8d030476b197222945

COCOAPODS: 1.15.2
